// !$*UTF8*$!
{
	archiveVersion = 1;
	classes = {
	};
	objectVersion = 50;
	objects = {

/* Begin PBXBuildFile section */
		7879B0BF262B01A400DA7883 /* AppDelegate.swift in Sources */ = {isa = PBXBuildFile; fileRef = 7879B0BE262B01A400DA7883 /* AppDelegate.swift */; };
		7879B0C1262B01A400DA7883 /* SceneDelegate.swift in Sources */ = {isa = PBXBuildFile; fileRef = 7879B0C0262B01A400DA7883 /* SceneDelegate.swift */; };
		7879B0C3262B01A400DA7883 /* ViewController.swift in Sources */ = {isa = PBXBuildFile; fileRef = 7879B0C2262B01A400DA7883 /* ViewController.swift */; };
		7879B0C6262B01A400DA7883 /* Main.storyboard in Resources */ = {isa = PBXBuildFile; fileRef = 7879B0C4262B01A400DA7883 /* Main.storyboard */; };
		7879B0C8262B01A500DA7883 /* Assets.xcassets in Resources */ = {isa = PBXBuildFile; fileRef = 7879B0C7262B01A500DA7883 /* Assets.xcassets */; };
		7879B0CB262B01A500DA7883 /* LaunchScreen.storyboard in Resources */ = {isa = PBXBuildFile; fileRef = 7879B0C9262B01A500DA7883 /* LaunchScreen.storyboard */; };
		7879B0D5262B021B00DA7883 /* MyCollectionViewCell.swift in Sources */ = {isa = PBXBuildFile; fileRef = 7879B0D3262B021B00DA7883 /* MyCollectionViewCell.swift */; };
		7879B0D6262B021B00DA7883 /* MyCollectionViewCell.xib in Resources */ = {isa = PBXBuildFile; fileRef = 7879B0D4262B021B00DA7883 /* MyCollectionViewCell.xib */; };
/* End PBXBuildFile section */

/* Begin PBXFileReference section */
		7879B0BB262B01A400DA7883 /* CollectionPagerTest.app */ = {isa = PBXFileReference; explicitFileType = wrapper.application; includeInIndex = 0; path = CollectionPagerTest.app; sourceTree = BUILT_PRODUCTS_DIR; };
		7879B0BE262B01A400DA7883 /* AppDelegate.swift */ = {isa = PBXFileReference; lastKnownFileType = sourcecode.swift; path = AppDelegate.swift; sourceTree = "<group>"; };
		7879B0C0262B01A400DA7883 /* SceneDelegate.swift */ = {isa = PBXFileReference; lastKnownFileType = sourcecode.swift; path = SceneDelegate.swift; sourceTree = "<group>"; };
		7879B0C2262B01A400DA7883 /* ViewController.swift */ = {isa = PBXFileReference; lastKnownFileType = sourcecode.swift; path = ViewController.swift; sourceTree = "<group>"; };
		7879B0C5262B01A400DA7883 /* Base */ = {isa = PBXFileReference; lastKnownFileType = file.storyboard; name = Base; path = Base.lproj/Main.storyboard; sourceTree = "<group>"; };
		7879B0C7262B01A500DA7883 /* Assets.xcassets */ = {isa = PBXFileReference; lastKnownFileType = folder.assetcatalog; path = Assets.xcassets; sourceTree = "<group>"; };
		7879B0CA262B01A500DA7883 /* Base */ = {isa = PBXFileReference; lastKnownFileType = file.storyboard; name = Base; path = Base.lproj/LaunchScreen.storyboard; sourceTree = "<group>"; };
		7879B0CC262B01A500DA7883 /* Info.plist */ = {isa = PBXFileReference; lastKnownFileType = text.plist.xml; path = Info.plist; sourceTree = "<group>"; };
		7879B0D3262B021B00DA7883 /* MyCollectionViewCell.swift */ = {isa = PBXFileReference; lastKnownFileType = sourcecode.swift; path = MyCollectionViewCell.swift; sourceTree = "<group>"; };
		7879B0D4262B021B00DA7883 /* MyCollectionViewCell.xib */ = {isa = PBXFileReference; lastKnownFileType = file.xib; path = MyCollectionViewCell.xib; sourceTree = "<group>"; };
/* End PBXFileReference section */

/* Begin PBXFrameworksBuildPhase section */
		7879B0B8262B01A400DA7883 /* Frameworks */ = {
			isa = PBXFrameworksBuildPhase;
			buildActionMask = 2147483647;
			files = (
			);
			runOnlyForDeploymentPostprocessing = 0;
		};
/* End PBXFrameworksBuildPhase section */

/* Begin PBXGroup section */
		7879B0B2262B01A400DA7883 = {
			isa = PBXGroup;
			children = (
				7879B0BD262B01A400DA7883 /* CollectionPagerTest */,
				7879B0BC262B01A400DA7883 /* Products */,
			);
			sourceTree = "<group>";
		};
		7879B0BC262B01A400DA7883 /* Products */ = {
			isa = PBXGroup;
			children = (
				7879B0BB262B01A400DA7883 /* CollectionPagerTest.app */,
			);
			name = Products;
			sourceTree = "<group>";
		};
		7879B0BD262B01A400DA7883 /* CollectionPagerTest */ = {
			isa = PBXGroup;
			children = (
				7879B0BE262B01A400DA7883 /* AppDelegate.swift */,
				7879B0C0262B01A400DA7883 /* SceneDelegate.swift */,
				7879B0C2262B01A400DA7883 /* ViewController.swift */,
				7879B0C4262B01A400DA7883 /* Main.storyboard */,
				7879B0C7262B01A500DA7883 /* Assets.xcassets */,
				7879B0C9262B01A500DA7883 /* LaunchScreen.storyboard */,
				7879B0CC262B01A500DA7883 /* Info.plist */,
				7879B0D3262B021B00DA7883 /* MyCollectionViewCell.swift */,
				7879B0D4262B021B00DA7883 /* MyCollectionViewCell.xib */,
			);
			path = CollectionPagerTest;
			sourceTree = "<group>";
		};
/* End PBXGroup section */

/* Begin PBXNativeTarget section */
		7879B0BA262B01A400DA7883 /* CollectionPagerTest */ = {
			isa = PBXNativeTarget;
			buildConfigurationList = 7879B0CF262B01A500DA7883 /* Build configuration list for PBXNativeTarget "CollectionPagerTest" */;
			buildPhases = (
				7879B0B7262B01A400DA7883 /* Sources */,
				7879B0B8262B01A400DA7883 /* Frameworks */,
				7879B0B9262B01A400DA7883 /* Resources */,
			);
			buildRules = (
			);
			dependencies = (
			);
			name = CollectionPagerTest;
			productName = CollectionPagerTest;
			productReference = 7879B0BB262B01A400DA7883 /* CollectionPagerTest.app */;
			productType = "com.apple.product-type.application";
		};
/* End PBXNativeTarget section */

/* Begin PBXProject section */
		7879B0B3262B01A400DA7883 /* Project object */ = {
			isa = PBXProject;
			attributes = {
				LastSwiftUpdateCheck = 1240;
				LastUpgradeCheck = 1240;
				TargetAttributes = {
					7879B0BA262B01A400DA7883 = {
						CreatedOnToolsVersion = 12.4;
					};
				};
			};
			buildConfigurationList = 7879B0B6262B01A400DA7883 /* Build configuration list for PBXProject "CollectionPagerTest" */;
			compatibilityVersion = "Xcode 9.3";
			developmentRegion = en;
			hasScannedForEncodings = 0;
			knownRegions = (
				en,
				Base,
			);
			mainGroup = 7879B0B2262B01A400DA7883;
			productRefGroup = 7879B0BC262B01A400DA7883 /* Products */;
			projectDirPath = "";
			projectRoot = "";
			targets = (
				7879B0BA262B01A400DA7883 /* CollectionPagerTest */,
			);
		};
/* End PBXProject section */

/* Begin PBXResourcesBuildPhase section */
		7879B0B9262B01A400DA7883 /* Resources */ = {
			isa = PBXResourcesBuildPhase;
			buildActionMask = 2147483647;
			files = (
				7879B0CB262B01A500DA7883 /* LaunchScreen.storyboard in Resources */,
				7879B0C8262B01A500DA7883 /* Assets.xcassets in Resources */,
				7879B0D6262B021B00DA7883 /* MyCollectionViewCell.xib in Resources */,
				7879B0C6262B01A400DA7883 /* Main.storyboard in Resources */,
			);
			runOnlyForDeploymentPostprocessing = 0;
		};
/* End PBXResourcesBuildPhase section */

/* Begin PBXSourcesBuildPhase section */
		7879B0B7262B01A400DA7883 /* Sources */ = {
			isa = PBXSourcesBuildPhase;
			buildActionMask = 2147483647;
			files = (
				7879B0C3262B01A400DA7883 /* ViewController.swift in Sources */,
				7879B0BF262B01A400DA7883 /* AppDelegate.swift in Sources */,
				7879B0D5262B021B00DA7883 /* MyCollectionViewCell.swift in Sources */,
				7879B0C1262B01A400DA7883 /* SceneDelegate.swift in Sources */,
			);
			runOnlyForDeploymentPostprocessing = 0;
		};
/* End PBXSourcesBuildPhase section */

/* Begin PBXVariantGroup section */
		7879B0C4262B01A400DA7883 /* Main.storyboard */ = {
			isa = PBXVariantGroup;
			children = (
				7879B0C5262B01A400DA7883 /* Base */,
			);
			name = Main.storyboard;
			sourceTree = "<group>";
		};
		7879B0C9262B01A500DA7883 /* LaunchScreen.storyboard */ = {
			isa = PBXVariantGroup;
			children = (
				7879B0CA262B01A500DA7883 /* Base */,
			);
			name = LaunchScreen.storyboard;
			sourceTree = "<group>";
		};
/* End PBXVariantGroup section */

/* Begin XCBuildConfiguration section */
		7879B0CD262B01A500DA7883 /* Debug */ = {
			isa = XCBuildConfiguration;
			buildSettings = {
				ALWAYS_SEARCH_USER_PATHS = NO;
				CLANG_ANALYZER_NONNULL = YES;
				CLANG_ANALYZER_NUMBER_OBJECT_CONVERSION = YES_AGGRESSIVE;
				CLANG_CXX_LANGUAGE_STANDARD = "gnu++14";
				CLANG_CXX_LIBRARY = "libc++";
				CLANG_ENABLE_MODULES = YES;
				CLANG_ENABLE_OBJC_ARC = YES;
				CLANG_ENABLE_OBJC_WEAK = YES;
				CLANG_WARN_BLOCK_CAPTURE_AUTORELEASING = YES;
				CLANG_WARN_BOOL_CONVERSION = YES;
				CLANG_WARN_COMMA = YES;
				CLANG_WARN_CONSTANT_CONVERSION = YES;
				CLANG_WARN_DEPRECATED_OBJC_IMPLEMENTATIONS = YES;
				CLANG_WARN_DIRECT_OBJC_ISA_USAGE = YES_ERROR;
				CLANG_WARN_DOCUMENTATION_COMMENTS = YES;
				CLANG_WARN_EMPTY_BODY = YES;
				CLANG_WARN_ENUM_CONVERSION = YES;
				CLANG_WARN_INFINITE_RECURSION = YES;
				CLANG_WARN_INT_CONVERSION = YES;
				CLANG_WARN_NON_LITERAL_NULL_CONVERSION = YES;
				CLANG_WARN_OBJC_IMPLICIT_RETAIN_SELF = YES;
				CLANG_WARN_OBJC_LITERAL_CONVERSION = YES;
				CLANG_WARN_OBJC_ROOT_CLASS = YES_ERROR;
				CLANG_WARN_QUOTED_INCLUDE_IN_FRAMEWORK_HEADER = YES;
				CLANG_WARN_RANGE_LOOP_ANALYSIS = YES;
				CLANG_WARN_STRICT_PROTOTYPES = YES;
				CLANG_WARN_SUSPICIOUS_MOVE = YES;
				CLANG_WARN_UNGUARDED_AVAILABILITY = YES_AGGRESSIVE;
				CLANG_WARN_UNREACHABLE_CODE = YES;
				CLANG_WARN__DUPLICATE_METHOD_MATCH = YES;
				COPY_PHASE_STRIP = NO;
				DEBUG_INFORMATION_FORMAT = dwarf;
				ENABLE_STRICT_OBJC_MSGSEND = YES;
				ENABLE_TESTABILITY = YES;
				GCC_C_LANGUAGE_STANDARD = gnu11;
				GCC_DYNAMIC_NO_PIC = NO;
				GCC_NO_COMMON_BLOCKS = YES;
				GCC_OPTIMIZATION_LEVEL = 0;
				GCC_PREPROCESSOR_DEFINITIONS = (
					"DEBUG=1",
					"$(inherited)",
				);
				GCC_WARN_64_TO_32_BIT_CONVERSION = YES;
				GCC_WARN_ABOUT_RETURN_TYPE = YES_ERROR;
				GCC_WARN_UNDECLARED_SELECTOR = YES;
				GCC_WARN_UNINITIALIZED_AUTOS = YES_AGGRESSIVE;
				GCC_WARN_UNUSED_FUNCTION = YES;
				GCC_WARN_UNUSED_VARIABLE = YES;
				IPHONEOS_DEPLOYMENT_TARGET = 14.4;
				MTL_ENABLE_DEBUG_INFO = INCLUDE_SOURCE;
				MTL_FAST_MATH = YES;
				ONLY_ACTIVE_ARCH = YES;
				SDKROOT = iphoneos;
				SWIFT_ACTIVE_COMPILATION_CONDITIONS = DEBUG;
				SWIFT_OPTIMIZATION_LEVEL = "-Onone";
			};
			name = Debug;
		};
		7879B0CE262B01A500DA7883 /* Release */ = {
			isa = XCBuildConfiguration;
			buildSettings = {
				ALWAYS_SEARCH_USER_PATHS = NO;
				CLANG_ANALYZER_NONNULL = YES;
				CLANG_ANALYZER_NUMBER_OBJECT_CONVERSION = YES_AGGRESSIVE;
				CLANG_CXX_LANGUAGE_STANDARD = "gnu++14";
				CLANG_CXX_LIBRARY = "libc++";
				CLANG_ENABLE_MODULES = YES;
				CLANG_ENABLE_OBJC_ARC = YES;
				CLANG_ENABLE_OBJC_WEAK = YES;
				CLANG_WARN_BLOCK_CAPTURE_AUTORELEASING = YES;
				CLANG_WARN_BOOL_CONVERSION = YES;
				CLANG_WARN_COMMA = YES;
				CLANG_WARN_CONSTANT_CONVERSION = YES;
				CLANG_WARN_DEPRECATED_OBJC_IMPLEMENTATIONS = YES;
				CLANG_WARN_DIRECT_OBJC_ISA_USAGE = YES_ERROR;
				CLANG_WARN_DOCUMENTATION_COMMENTS = YES;
				CLANG_WARN_EMPTY_BODY = YES;
				CLANG_WARN_ENUM_CONVERSION = YES;
				CLANG_WARN_INFINITE_RECURSION = YES;
				CLANG_WARN_INT_CONVERSION = YES;
				CLANG_WARN_NON_LITERAL_NULL_CONVERSION = YES;
				CLANG_WARN_OBJC_IMPLICIT_RETAIN_SELF = YES;
				CLANG_WARN_OBJC_LITERAL_CONVERSION = YES;
				CLANG_WARN_OBJC_ROOT_CLASS = YES_ERROR;
				CLANG_WARN_QUOTED_INCLUDE_IN_FRAMEWORK_HEADER = YES;
				CLANG_WARN_RANGE_LOOP_ANALYSIS = YES;
				CLANG_WARN_STRICT_PROTOTYPES = YES;
				CLANG_WARN_SUSPICIOUS_MOVE = YES;
				CLANG_WARN_UNGUARDED_AVAILABILITY = YES_AGGRESSIVE;
				CLANG_WARN_UNREACHABLE_CODE = YES;
				CLANG_WARN__DUPLICATE_METHOD_MATCH = YES;
				COPY_PHASE_STRIP = NO;
				DEBUG_INFORMATION_FORMAT = "dwarf-with-dsym";
				ENABLE_NS_ASSERTIONS = NO;
				ENABLE_STRICT_OBJC_MSGSEND = YES;
				GCC_C_LANGUAGE_STANDARD = gnu11;
				GCC_NO_COMMON_BLOCKS = YES;
				GCC_WARN_64_TO_32_BIT_CONVERSION = YES;
				GCC_WARN_ABOUT_RETURN_TYPE = YES_ERROR;
				GCC_WARN_UNDECLARED_SELECTOR = YES;
				GCC_WARN_UNINITIALIZED_AUTOS = YES_AGGRESSIVE;
				GCC_WARN_UNUSED_FUNCTION = YES;
				GCC_WARN_UNUSED_VARIABLE = YES;
				IPHONEOS_DEPLOYMENT_TARGET = 14.4;
				MTL_ENABLE_DEBUG_INFO = NO;
				MTL_FAST_MATH = YES;
				SDKROOT = iphoneos;
				SWIFT_COMPILATION_MODE = wholemodule;
				SWIFT_OPTIMIZATION_LEVEL = "-O";
				VALIDATE_PRODUCT = YES;
			};
			name = Release;
		};
		7879B0D0262B01A500DA7883 /* Debug */ = {
			isa = XCBuildConfiguration;
			buildSettings = {
				ASSETCATALOG_COMPILER_APPICON_NAME = AppIcon;
				ASSETCATALOG_COMPILER_GLOBAL_ACCENT_COLOR_NAME = AccentColor;
				CODE_SIGN_STYLE = Automatic;
				DEVELOPMENT_TEAM = P4ZJYAK634;
				INFOPLIST_FILE = CollectionPagerTest/Info.plist;
				LD_RUNPATH_SEARCH_PATHS = (
					"$(inherited)",
					"@executable_path/Frameworks",
				);
				PRODUCT_BUNDLE_IDENTIFIER = com.hanwe.CollectionPagerTest;
				PRODUCT_NAME = "$(TARGET_NAME)";
				SWIFT_VERSION = 5.0;
				TARGETED_DEVICE_FAMILY = "1,2";
			};
			name = Debug;
		};
		7879B0D1262B01A500DA7883 /* Release */ = {
			isa = XCBuildConfiguration;
			buildSettings = {
				ASSETCATALOG_COMPILER_APPICON_NAME = AppIcon;
				ASSETCATALOG_COMPILER_GLOBAL_ACCENT_COLOR_NAME = AccentColor;
				CODE_SIGN_STYLE = Automatic;
				DEVELOPMENT_TEAM = P4ZJYAK634;
				INFOPLIST_FILE = CollectionPagerTest/Info.plist;
				LD_RUNPATH_SEARCH_PATHS = (
					"$(inherited)",
					"@executable_path/Frameworks",
				);
				PRODUCT_BUNDLE_IDENTIFIER = com.hanwe.CollectionPagerTest;
				PRODUCT_NAME = "$(TARGET_NAME)";
				SWIFT_VERSION = 5.0;
				TARGETED_DEVICE_FAMILY = "1,2";
			};
			name = Release;
		};
/* End XCBuildConfiguration section */

/* Begin XCConfigurationList section */
		7879B0B6262B01A400DA7883 /* Build configuration list for PBXProject "CollectionPagerTest" */ = {
			isa = XCConfigurationList;
			buildConfigurations = (
				7879B0CD262B01A500DA7883 /* Debug */,
				7879B0CE262B01A500DA7883 /* Release */,
			);
			defaultConfigurationIsVisible = 0;
			defaultConfigurationName = Release;
		};
		7879B0CF262B01A500DA7883 /* Build configuration list for PBXNativeTarget "CollectionPagerTest" */ = {
			isa = XCConfigurationList;
			buildConfigurations = (
				7879B0D0262B01A500DA7883 /* Debug */,
				7879B0D1262B01A500DA7883 /* Release */,
			);
			defaultConfigurationIsVisible = 0;
			defaultConfigurationName = Release;
		};
/* End XCConfigurationList section */
	};
	rootObject = 7879B0B3262B01A400DA7883 /* Project object */;
}
