// !$*UTF8*$!
{
	archiveVersion = 1;
	classes = {
	};
	objectVersion = 50;
	objects = {

/* Begin PBXBuildFile section */
		4F21355E254FEC350004D6C1 /* AppDelegate.swift in Sources */ = {isa = PBXBuildFile; fileRef = 4F21355D254FEC350004D6C1 /* AppDelegate.swift */; };
		4F213560254FEC350004D6C1 /* SceneDelegate.swift in Sources */ = {isa = PBXBuildFile; fileRef = 4F21355F254FEC350004D6C1 /* SceneDelegate.swift */; };
		4F213562254FEC350004D6C1 /* ViewController.swift in Sources */ = {isa = PBXBuildFile; fileRef = 4F213561254FEC350004D6C1 /* ViewController.swift */; };
		4F213565254FEC350004D6C1 /* Main.storyboard in Resources */ = {isa = PBXBuildFile; fileRef = 4F213563254FEC350004D6C1 /* Main.storyboard */; };
		4F213567254FEC360004D6C1 /* Assets.xcassets in Resources */ = {isa = PBXBuildFile; fileRef = 4F213566254FEC360004D6C1 /* Assets.xcassets */; };
		4F21356A254FEC360004D6C1 /* LaunchScreen.storyboard in Resources */ = {isa = PBXBuildFile; fileRef = 4F213568254FEC360004D6C1 /* LaunchScreen.storyboard */; };
		4F21356F254FEC360004D6C1 /* WatchAppFirst WatchKit App.app in Embed Watch Content */ = {isa = PBXBuildFile; fileRef = 4F21356E254FEC360004D6C1 /* WatchAppFirst WatchKit App.app */; settings = {ATTRIBUTES = (RemoveHeadersOnCopy, ); }; };
		4F213575254FEC370004D6C1 /* Interface.storyboard in Resources */ = {isa = PBXBuildFile; fileRef = 4F213573254FEC360004D6C1 /* Interface.storyboard */; };
		4F213577254FEC370004D6C1 /* Assets.xcassets in Resources */ = {isa = PBXBuildFile; fileRef = 4F213576254FEC370004D6C1 /* Assets.xcassets */; };
		4F21357E254FEC370004D6C1 /* WatchAppFirst WatchKit Extension.appex in Embed App Extensions */ = {isa = PBXBuildFile; fileRef = 4F21357D254FEC370004D6C1 /* WatchAppFirst WatchKit Extension.appex */; settings = {ATTRIBUTES = (RemoveHeadersOnCopy, ); }; };
		4F213583254FEC370004D6C1 /* InterfaceController.swift in Sources */ = {isa = PBXBuildFile; fileRef = 4F213582254FEC370004D6C1 /* InterfaceController.swift */; };
		4F213585254FEC370004D6C1 /* ExtensionDelegate.swift in Sources */ = {isa = PBXBuildFile; fileRef = 4F213584254FEC370004D6C1 /* ExtensionDelegate.swift */; };
		4F213587254FEC370004D6C1 /* NotificationController.swift in Sources */ = {isa = PBXBuildFile; fileRef = 4F213586254FEC370004D6C1 /* NotificationController.swift */; };
		4F213589254FEC370004D6C1 /* ComplicationController.swift in Sources */ = {isa = PBXBuildFile; fileRef = 4F213588254FEC370004D6C1 /* ComplicationController.swift */; };
		4F21358B254FEC380004D6C1 /* Assets.xcassets in Resources */ = {isa = PBXBuildFile; fileRef = 4F21358A254FEC380004D6C1 /* Assets.xcassets */; };
		4F360EE525590C3B007BC18B /* PasswordInterfaceController.swift in Sources */ = {isa = PBXBuildFile; fileRef = 4F360EE425590C3B007BC18B /* PasswordInterfaceController.swift */; };
		4FA3DEED255BC01E007F0B2B /* IconTextTypeRowController.swift in Sources */ = {isa = PBXBuildFile; fileRef = 4FA3DEEC255BC01E007F0B2B /* IconTextTypeRowController.swift */; };
/* End PBXBuildFile section */

/* Begin PBXContainerItemProxy section */
		4F213570254FEC360004D6C1 /* PBXContainerItemProxy */ = {
			isa = PBXContainerItemProxy;
			containerPortal = 4F213552254FEC350004D6C1 /* Project object */;
			proxyType = 1;
			remoteGlobalIDString = 4F21356D254FEC360004D6C1;
			remoteInfo = "WatchAppFirst WatchKit App";
		};
		4F21357F254FEC370004D6C1 /* PBXContainerItemProxy */ = {
			isa = PBXContainerItemProxy;
			containerPortal = 4F213552254FEC350004D6C1 /* Project object */;
			proxyType = 1;
			remoteGlobalIDString = 4F21357C254FEC370004D6C1;
			remoteInfo = "WatchAppFirst WatchKit Extension";
		};
/* End PBXContainerItemProxy section */

/* Begin PBXCopyFilesBuildPhase section */
		4F213593254FEC380004D6C1 /* Embed App Extensions */ = {
			isa = PBXCopyFilesBuildPhase;
			buildActionMask = 2147483647;
			dstPath = "";
			dstSubfolderSpec = 13;
			files = (
				4F21357E254FEC370004D6C1 /* WatchAppFirst WatchKit Extension.appex in Embed App Extensions */,
			);
			name = "Embed App Extensions";
			runOnlyForDeploymentPostprocessing = 0;
		};
		4F213597254FEC380004D6C1 /* Embed Watch Content */ = {
			isa = PBXCopyFilesBuildPhase;
			buildActionMask = 2147483647;
			dstPath = "$(CONTENTS_FOLDER_PATH)/Watch";
			dstSubfolderSpec = 16;
			files = (
				4F21356F254FEC360004D6C1 /* WatchAppFirst WatchKit App.app in Embed Watch Content */,
			);
			name = "Embed Watch Content";
			runOnlyForDeploymentPostprocessing = 0;
		};
/* End PBXCopyFilesBuildPhase section */

/* Begin PBXFileReference section */
		4F21355A254FEC350004D6C1 /* WatchAppFirst.app */ = {isa = PBXFileReference; explicitFileType = wrapper.application; includeInIndex = 0; path = WatchAppFirst.app; sourceTree = BUILT_PRODUCTS_DIR; };
		4F21355D254FEC350004D6C1 /* AppDelegate.swift */ = {isa = PBXFileReference; lastKnownFileType = sourcecode.swift; path = AppDelegate.swift; sourceTree = "<group>"; };
		4F21355F254FEC350004D6C1 /* SceneDelegate.swift */ = {isa = PBXFileReference; lastKnownFileType = sourcecode.swift; path = SceneDelegate.swift; sourceTree = "<group>"; };
		4F213561254FEC350004D6C1 /* ViewController.swift */ = {isa = PBXFileReference; lastKnownFileType = sourcecode.swift; path = ViewController.swift; sourceTree = "<group>"; };
		4F213564254FEC350004D6C1 /* Base */ = {isa = PBXFileReference; lastKnownFileType = file.storyboard; name = Base; path = Base.lproj/Main.storyboard; sourceTree = "<group>"; };
		4F213566254FEC360004D6C1 /* Assets.xcassets */ = {isa = PBXFileReference; lastKnownFileType = folder.assetcatalog; path = Assets.xcassets; sourceTree = "<group>"; };
		4F213569254FEC360004D6C1 /* Base */ = {isa = PBXFileReference; lastKnownFileType = file.storyboard; name = Base; path = Base.lproj/LaunchScreen.storyboard; sourceTree = "<group>"; };
		4F21356B254FEC360004D6C1 /* Info.plist */ = {isa = PBXFileReference; lastKnownFileType = text.plist.xml; path = Info.plist; sourceTree = "<group>"; };
		4F21356E254FEC360004D6C1 /* WatchAppFirst WatchKit App.app */ = {isa = PBXFileReference; explicitFileType = wrapper.application; includeInIndex = 0; path = "WatchAppFirst WatchKit App.app"; sourceTree = BUILT_PRODUCTS_DIR; };
		4F213574254FEC360004D6C1 /* Base */ = {isa = PBXFileReference; lastKnownFileType = file.storyboard; name = Base; path = Base.lproj/Interface.storyboard; sourceTree = "<group>"; };
		4F213576254FEC370004D6C1 /* Assets.xcassets */ = {isa = PBXFileReference; lastKnownFileType = folder.assetcatalog; path = Assets.xcassets; sourceTree = "<group>"; };
		4F213578254FEC370004D6C1 /* Info.plist */ = {isa = PBXFileReference; lastKnownFileType = text.plist.xml; path = Info.plist; sourceTree = "<group>"; };
		4F21357D254FEC370004D6C1 /* WatchAppFirst WatchKit Extension.appex */ = {isa = PBXFileReference; explicitFileType = "wrapper.app-extension"; includeInIndex = 0; path = "WatchAppFirst WatchKit Extension.appex"; sourceTree = BUILT_PRODUCTS_DIR; };
		4F213582254FEC370004D6C1 /* InterfaceController.swift */ = {isa = PBXFileReference; lastKnownFileType = sourcecode.swift; path = InterfaceController.swift; sourceTree = "<group>"; };
		4F213584254FEC370004D6C1 /* ExtensionDelegate.swift */ = {isa = PBXFileReference; lastKnownFileType = sourcecode.swift; path = ExtensionDelegate.swift; sourceTree = "<group>"; };
		4F213586254FEC370004D6C1 /* NotificationController.swift */ = {isa = PBXFileReference; lastKnownFileType = sourcecode.swift; path = NotificationController.swift; sourceTree = "<group>"; };
		4F213588254FEC370004D6C1 /* ComplicationController.swift */ = {isa = PBXFileReference; lastKnownFileType = sourcecode.swift; path = ComplicationController.swift; sourceTree = "<group>"; };
		4F21358A254FEC380004D6C1 /* Assets.xcassets */ = {isa = PBXFileReference; lastKnownFileType = folder.assetcatalog; path = Assets.xcassets; sourceTree = "<group>"; };
		4F21358C254FEC380004D6C1 /* Info.plist */ = {isa = PBXFileReference; lastKnownFileType = text.plist.xml; path = Info.plist; sourceTree = "<group>"; };
		4F21358D254FEC380004D6C1 /* PushNotificationPayload.apns */ = {isa = PBXFileReference; lastKnownFileType = text; path = PushNotificationPayload.apns; sourceTree = "<group>"; };
		4F360EE425590C3B007BC18B /* PasswordInterfaceController.swift */ = {isa = PBXFileReference; lastKnownFileType = sourcecode.swift; path = PasswordInterfaceController.swift; sourceTree = "<group>"; };
		4FA3DEEC255BC01E007F0B2B /* IconTextTypeRowController.swift */ = {isa = PBXFileReference; fileEncoding = 4; lastKnownFileType = sourcecode.swift; path = IconTextTypeRowController.swift; sourceTree = "<group>"; };
/* End PBXFileReference section */

/* Begin PBXFrameworksBuildPhase section */
		4F213557254FEC350004D6C1 /* Frameworks */ = {
			isa = PBXFrameworksBuildPhase;
			buildActionMask = 2147483647;
			files = (
			);
			runOnlyForDeploymentPostprocessing = 0;
		};
		4F21357A254FEC370004D6C1 /* Frameworks */ = {
			isa = PBXFrameworksBuildPhase;
			buildActionMask = 2147483647;
			files = (
			);
			runOnlyForDeploymentPostprocessing = 0;
		};
/* End PBXFrameworksBuildPhase section */

/* Begin PBXGroup section */
		4F213551254FEC350004D6C1 = {
			isa = PBXGroup;
			children = (
				4F21355C254FEC350004D6C1 /* WatchAppFirst */,
				4F213572254FEC360004D6C1 /* WatchAppFirst WatchKit App */,
				4F213581254FEC370004D6C1 /* WatchAppFirst WatchKit Extension */,
				4F21355B254FEC350004D6C1 /* Products */,
			);
			sourceTree = "<group>";
		};
		4F21355B254FEC350004D6C1 /* Products */ = {
			isa = PBXGroup;
			children = (
				4F21355A254FEC350004D6C1 /* WatchAppFirst.app */,
				4F21356E254FEC360004D6C1 /* WatchAppFirst WatchKit App.app */,
				4F21357D254FEC370004D6C1 /* WatchAppFirst WatchKit Extension.appex */,
			);
			name = Products;
			sourceTree = "<group>";
		};
		4F21355C254FEC350004D6C1 /* WatchAppFirst */ = {
			isa = PBXGroup;
			children = (
				4F21355D254FEC350004D6C1 /* AppDelegate.swift */,
				4F21355F254FEC350004D6C1 /* SceneDelegate.swift */,
				4F213561254FEC350004D6C1 /* ViewController.swift */,
				4F213563254FEC350004D6C1 /* Main.storyboard */,
				4F213566254FEC360004D6C1 /* Assets.xcassets */,
				4F213568254FEC360004D6C1 /* LaunchScreen.storyboard */,
				4F21356B254FEC360004D6C1 /* Info.plist */,
			);
			path = WatchAppFirst;
			sourceTree = "<group>";
		};
		4F213572254FEC360004D6C1 /* WatchAppFirst WatchKit App */ = {
			isa = PBXGroup;
			children = (
				4F213573254FEC360004D6C1 /* Interface.storyboard */,
				4F213576254FEC370004D6C1 /* Assets.xcassets */,
				4F213578254FEC370004D6C1 /* Info.plist */,
			);
			path = "WatchAppFirst WatchKit App";
			sourceTree = "<group>";
		};
		4F213581254FEC370004D6C1 /* WatchAppFirst WatchKit Extension */ = {
			isa = PBXGroup;
			children = (
				4FA3DEEC255BC01E007F0B2B /* IconTextTypeRowController.swift */,
				4F360EEC25591D73007BC18B /* Extension */,
				4F213582254FEC370004D6C1 /* InterfaceController.swift */,
				4F213584254FEC370004D6C1 /* ExtensionDelegate.swift */,
				4F213586254FEC370004D6C1 /* NotificationController.swift */,
				4F213588254FEC370004D6C1 /* ComplicationController.swift */,
				4F360EE425590C3B007BC18B /* PasswordInterfaceController.swift */,
				4F21358A254FEC380004D6C1 /* Assets.xcassets */,
				4F21358C254FEC380004D6C1 /* Info.plist */,
				4F21358D254FEC380004D6C1 /* PushNotificationPayload.apns */,
			);
			path = "WatchAppFirst WatchKit Extension";
			sourceTree = "<group>";
		};
		4F360EEC25591D73007BC18B /* Extension */ = {
			isa = PBXGroup;
			children = (
			);
			path = Extension;
			sourceTree = "<group>";
		};
/* End PBXGroup section */

/* Begin PBXNativeTarget section */
		4F213559254FEC350004D6C1 /* WatchAppFirst */ = {
			isa = PBXNativeTarget;
			buildConfigurationList = 4F213598254FEC380004D6C1 /* Build configuration list for PBXNativeTarget "WatchAppFirst" */;
			buildPhases = (
				4F213556254FEC350004D6C1 /* Sources */,
				4F213557254FEC350004D6C1 /* Frameworks */,
				4F213558254FEC350004D6C1 /* Resources */,
				4F213597254FEC380004D6C1 /* Embed Watch Content */,
			);
			buildRules = (
			);
			dependencies = (
				4F213571254FEC360004D6C1 /* PBXTargetDependency */,
			);
			name = WatchAppFirst;
			productName = WatchAppFirst;
			productReference = 4F21355A254FEC350004D6C1 /* WatchAppFirst.app */;
			productType = "com.apple.product-type.application";
		};
		4F21356D254FEC360004D6C1 /* WatchAppFirst WatchKit App */ = {
			isa = PBXNativeTarget;
			buildConfigurationList = 4F213594254FEC380004D6C1 /* Build configuration list for PBXNativeTarget "WatchAppFirst WatchKit App" */;
			buildPhases = (
				4F21356C254FEC360004D6C1 /* Resources */,
				4F213593254FEC380004D6C1 /* Embed App Extensions */,
			);
			buildRules = (
			);
			dependencies = (
				4F213580254FEC370004D6C1 /* PBXTargetDependency */,
			);
			name = "WatchAppFirst WatchKit App";
			productName = "WatchAppFirst WatchKit App";
			productReference = 4F21356E254FEC360004D6C1 /* WatchAppFirst WatchKit App.app */;
			productType = "com.apple.product-type.application.watchapp2";
		};
		4F21357C254FEC370004D6C1 /* WatchAppFirst WatchKit Extension */ = {
			isa = PBXNativeTarget;
			buildConfigurationList = 4F213590254FEC380004D6C1 /* Build configuration list for PBXNativeTarget "WatchAppFirst WatchKit Extension" */;
			buildPhases = (
				4F213579254FEC370004D6C1 /* Sources */,
				4F21357A254FEC370004D6C1 /* Frameworks */,
				4F21357B254FEC370004D6C1 /* Resources */,
			);
			buildRules = (
			);
			dependencies = (
			);
			name = "WatchAppFirst WatchKit Extension";
			productName = "WatchAppFirst WatchKit Extension";
			productReference = 4F21357D254FEC370004D6C1 /* WatchAppFirst WatchKit Extension.appex */;
			productType = "com.apple.product-type.watchkit2-extension";
		};
/* End PBXNativeTarget section */

/* Begin PBXProject section */
		4F213552254FEC350004D6C1 /* Project object */ = {
			isa = PBXProject;
			attributes = {
				LastSwiftUpdateCheck = 1210;
				LastUpgradeCheck = 1210;
				TargetAttributes = {
					4F213559254FEC350004D6C1 = {
						CreatedOnToolsVersion = 12.1;
					};
					4F21356D254FEC360004D6C1 = {
						CreatedOnToolsVersion = 12.1;
					};
					4F21357C254FEC370004D6C1 = {
						CreatedOnToolsVersion = 12.1;
					};
				};
			};
			buildConfigurationList = 4F213555254FEC350004D6C1 /* Build configuration list for PBXProject "WatchAppFirst" */;
			compatibilityVersion = "Xcode 9.3";
			developmentRegion = en;
			hasScannedForEncodings = 0;
			knownRegions = (
				en,
				Base,
			);
			mainGroup = 4F213551254FEC350004D6C1;
			productRefGroup = 4F21355B254FEC350004D6C1 /* Products */;
			projectDirPath = "";
			projectRoot = "";
			targets = (
				4F213559254FEC350004D6C1 /* WatchAppFirst */,
				4F21356D254FEC360004D6C1 /* WatchAppFirst WatchKit App */,
				4F21357C254FEC370004D6C1 /* WatchAppFirst WatchKit Extension */,
			);
		};
/* End PBXProject section */

/* Begin PBXResourcesBuildPhase section */
		4F213558254FEC350004D6C1 /* Resources */ = {
			isa = PBXResourcesBuildPhase;
			buildActionMask = 2147483647;
			files = (
				4F21356A254FEC360004D6C1 /* LaunchScreen.storyboard in Resources */,
				4F213567254FEC360004D6C1 /* Assets.xcassets in Resources */,
				4F213565254FEC350004D6C1 /* Main.storyboard in Resources */,
			);
			runOnlyForDeploymentPostprocessing = 0;
		};
		4F21356C254FEC360004D6C1 /* Resources */ = {
			isa = PBXResourcesBuildPhase;
			buildActionMask = 2147483647;
			files = (
				4F213577254FEC370004D6C1 /* Assets.xcassets in Resources */,
				4F213575254FEC370004D6C1 /* Interface.storyboard in Resources */,
			);
			runOnlyForDeploymentPostprocessing = 0;
		};
		4F21357B254FEC370004D6C1 /* Resources */ = {
			isa = PBXResourcesBuildPhase;
			buildActionMask = 2147483647;
			files = (
				4F21358B254FEC380004D6C1 /* Assets.xcassets in Resources */,
			);
			runOnlyForDeploymentPostprocessing = 0;
		};
/* End PBXResourcesBuildPhase section */

/* Begin PBXSourcesBuildPhase section */
		4F213556254FEC350004D6C1 /* Sources */ = {
			isa = PBXSourcesBuildPhase;
			buildActionMask = 2147483647;
			files = (
				4F213562254FEC350004D6C1 /* ViewController.swift in Sources */,
				4F21355E254FEC350004D6C1 /* AppDelegate.swift in Sources */,
				4F213560254FEC350004D6C1 /* SceneDelegate.swift in Sources */,
			);
			runOnlyForDeploymentPostprocessing = 0;
		};
		4F213579254FEC370004D6C1 /* Sources */ = {
			isa = PBXSourcesBuildPhase;
			buildActionMask = 2147483647;
			files = (
				4F360EE525590C3B007BC18B /* PasswordInterfaceController.swift in Sources */,
				4F213587254FEC370004D6C1 /* NotificationController.swift in Sources */,
				4FA3DEED255BC01E007F0B2B /* IconTextTypeRowController.swift in Sources */,
				4F213589254FEC370004D6C1 /* ComplicationController.swift in Sources */,
				4F213585254FEC370004D6C1 /* ExtensionDelegate.swift in Sources */,
				4F213583254FEC370004D6C1 /* InterfaceController.swift in Sources */,
			);
			runOnlyForDeploymentPostprocessing = 0;
		};
/* End PBXSourcesBuildPhase section */

/* Begin PBXTargetDependency section */
		4F213571254FEC360004D6C1 /* PBXTargetDependency */ = {
			isa = PBXTargetDependency;
			target = 4F21356D254FEC360004D6C1 /* WatchAppFirst WatchKit App */;
			targetProxy = 4F213570254FEC360004D6C1 /* PBXContainerItemProxy */;
		};
		4F213580254FEC370004D6C1 /* PBXTargetDependency */ = {
			isa = PBXTargetDependency;
			target = 4F21357C254FEC370004D6C1 /* WatchAppFirst WatchKit Extension */;
			targetProxy = 4F21357F254FEC370004D6C1 /* PBXContainerItemProxy */;
		};
/* End PBXTargetDependency section */

/* Begin PBXVariantGroup section */
		4F213563254FEC350004D6C1 /* Main.storyboard */ = {
			isa = PBXVariantGroup;
			children = (
				4F213564254FEC350004D6C1 /* Base */,
			);
			name = Main.storyboard;
			sourceTree = "<group>";
		};
		4F213568254FEC360004D6C1 /* LaunchScreen.storyboard */ = {
			isa = PBXVariantGroup;
			children = (
				4F213569254FEC360004D6C1 /* Base */,
			);
			name = LaunchScreen.storyboard;
			sourceTree = "<group>";
		};
		4F213573254FEC360004D6C1 /* Interface.storyboard */ = {
			isa = PBXVariantGroup;
			children = (
				4F213574254FEC360004D6C1 /* Base */,
			);
			name = Interface.storyboard;
			sourceTree = "<group>";
		};
/* End PBXVariantGroup section */

/* Begin XCBuildConfiguration section */
		4F21358E254FEC380004D6C1 /* Debug */ = {
			isa = XCBuildConfiguration;
			buildSettings = {
				ALWAYS_SEARCH_USER_PATHS = NO;
				CLANG_ANALYZER_NONNULL = YES;
				CLANG_ANALYZER_NUMBER_OBJECT_CONVERSION = YES_AGGRESSIVE;
				CLANG_CXX_LANGUAGE_STANDARD = "gnu++14";
				CLANG_CXX_LIBRARY = "libc++";
				CLANG_ENABLE_MODULES = YES;
				CLANG_ENABLE_OBJC_ARC = YES;
				CLANG_ENABLE_OBJC_WEAK = YES;
				CLANG_WARN_BLOCK_CAPTURE_AUTORELEASING = YES;
				CLANG_WARN_BOOL_CONVERSION = YES;
				CLANG_WARN_COMMA = YES;
				CLANG_WARN_CONSTANT_CONVERSION = YES;
				CLANG_WARN_DEPRECATED_OBJC_IMPLEMENTATIONS = YES;
				CLANG_WARN_DIRECT_OBJC_ISA_USAGE = YES_ERROR;
				CLANG_WARN_DOCUMENTATION_COMMENTS = YES;
				CLANG_WARN_EMPTY_BODY = YES;
				CLANG_WARN_ENUM_CONVERSION = YES;
				CLANG_WARN_INFINITE_RECURSION = YES;
				CLANG_WARN_INT_CONVERSION = YES;
				CLANG_WARN_NON_LITERAL_NULL_CONVERSION = YES;
				CLANG_WARN_OBJC_IMPLICIT_RETAIN_SELF = YES;
				CLANG_WARN_OBJC_LITERAL_CONVERSION = YES;
				CLANG_WARN_OBJC_ROOT_CLASS = YES_ERROR;
				CLANG_WARN_QUOTED_INCLUDE_IN_FRAMEWORK_HEADER = YES;
				CLANG_WARN_RANGE_LOOP_ANALYSIS = YES;
				CLANG_WARN_STRICT_PROTOTYPES = YES;
				CLANG_WARN_SUSPICIOUS_MOVE = YES;
				CLANG_WARN_UNGUARDED_AVAILABILITY = YES_AGGRESSIVE;
				CLANG_WARN_UNREACHABLE_CODE = YES;
				CLANG_WARN__DUPLICATE_METHOD_MATCH = YES;
				COPY_PHASE_STRIP = NO;
				DEBUG_INFORMATION_FORMAT = dwarf;
				ENABLE_STRICT_OBJC_MSGSEND = YES;
				ENABLE_TESTABILITY = YES;
				GCC_C_LANGUAGE_STANDARD = gnu11;
				GCC_DYNAMIC_NO_PIC = NO;
				GCC_NO_COMMON_BLOCKS = YES;
				GCC_OPTIMIZATION_LEVEL = 0;
				GCC_PREPROCESSOR_DEFINITIONS = (
					"DEBUG=1",
					"$(inherited)",
				);
				GCC_WARN_64_TO_32_BIT_CONVERSION = YES;
				GCC_WARN_ABOUT_RETURN_TYPE = YES_ERROR;
				GCC_WARN_UNDECLARED_SELECTOR = YES;
				GCC_WARN_UNINITIALIZED_AUTOS = YES_AGGRESSIVE;
				GCC_WARN_UNUSED_FUNCTION = YES;
				GCC_WARN_UNUSED_VARIABLE = YES;
				MTL_ENABLE_DEBUG_INFO = INCLUDE_SOURCE;
				MTL_FAST_MATH = YES;
				ONLY_ACTIVE_ARCH = YES;
				SWIFT_ACTIVE_COMPILATION_CONDITIONS = DEBUG;
				SWIFT_OPTIMIZATION_LEVEL = "-Onone";
			};
			name = Debug;
		};
		4F21358F254FEC380004D6C1 /* Release */ = {
			isa = XCBuildConfiguration;
			buildSettings = {
				ALWAYS_SEARCH_USER_PATHS = NO;
				CLANG_ANALYZER_NONNULL = YES;
				CLANG_ANALYZER_NUMBER_OBJECT_CONVERSION = YES_AGGRESSIVE;
				CLANG_CXX_LANGUAGE_STANDARD = "gnu++14";
				CLANG_CXX_LIBRARY = "libc++";
				CLANG_ENABLE_MODULES = YES;
				CLANG_ENABLE_OBJC_ARC = YES;
				CLANG_ENABLE_OBJC_WEAK = YES;
				CLANG_WARN_BLOCK_CAPTURE_AUTORELEASING = YES;
				CLANG_WARN_BOOL_CONVERSION = YES;
				CLANG_WARN_COMMA = YES;
				CLANG_WARN_CONSTANT_CONVERSION = YES;
				CLANG_WARN_DEPRECATED_OBJC_IMPLEMENTATIONS = YES;
				CLANG_WARN_DIRECT_OBJC_ISA_USAGE = YES_ERROR;
				CLANG_WARN_DOCUMENTATION_COMMENTS = YES;
				CLANG_WARN_EMPTY_BODY = YES;
				CLANG_WARN_ENUM_CONVERSION = YES;
				CLANG_WARN_INFINITE_RECURSION = YES;
				CLANG_WARN_INT_CONVERSION = YES;
				CLANG_WARN_NON_LITERAL_NULL_CONVERSION = YES;
				CLANG_WARN_OBJC_IMPLICIT_RETAIN_SELF = YES;
				CLANG_WARN_OBJC_LITERAL_CONVERSION = YES;
				CLANG_WARN_OBJC_ROOT_CLASS = YES_ERROR;
				CLANG_WARN_QUOTED_INCLUDE_IN_FRAMEWORK_HEADER = YES;
				CLANG_WARN_RANGE_LOOP_ANALYSIS = YES;
				CLANG_WARN_STRICT_PROTOTYPES = YES;
				CLANG_WARN_SUSPICIOUS_MOVE = YES;
				CLANG_WARN_UNGUARDED_AVAILABILITY = YES_AGGRESSIVE;
				CLANG_WARN_UNREACHABLE_CODE = YES;
				CLANG_WARN__DUPLICATE_METHOD_MATCH = YES;
				COPY_PHASE_STRIP = NO;
				DEBUG_INFORMATION_FORMAT = "dwarf-with-dsym";
				ENABLE_NS_ASSERTIONS = NO;
				ENABLE_STRICT_OBJC_MSGSEND = YES;
				GCC_C_LANGUAGE_STANDARD = gnu11;
				GCC_NO_COMMON_BLOCKS = YES;
				GCC_WARN_64_TO_32_BIT_CONVERSION = YES;
				GCC_WARN_ABOUT_RETURN_TYPE = YES_ERROR;
				GCC_WARN_UNDECLARED_SELECTOR = YES;
				GCC_WARN_UNINITIALIZED_AUTOS = YES_AGGRESSIVE;
				GCC_WARN_UNUSED_FUNCTION = YES;
				GCC_WARN_UNUSED_VARIABLE = YES;
				MTL_ENABLE_DEBUG_INFO = NO;
				MTL_FAST_MATH = YES;
				SWIFT_COMPILATION_MODE = wholemodule;
				SWIFT_OPTIMIZATION_LEVEL = "-O";
			};
			name = Release;
		};
		4F213591254FEC380004D6C1 /* Debug */ = {
			isa = XCBuildConfiguration;
			buildSettings = {
				ASSETCATALOG_COMPILER_COMPLICATION_NAME = Complication;
				CODE_SIGN_STYLE = Automatic;
				DEVELOPMENT_TEAM = FAN774JRD2;
				INFOPLIST_FILE = "WatchAppFirst WatchKit Extension/Info.plist";
				LD_RUNPATH_SEARCH_PATHS = (
					"$(inherited)",
					"@executable_path/Frameworks",
					"@executable_path/../../Frameworks",
				);
				PRODUCT_BUNDLE_IDENTIFIER = com.hanwe.WatchAppFirst.watchkitapp.watchkitextension;
				PRODUCT_NAME = "${TARGET_NAME}";
				SDKROOT = watchos;
				SKIP_INSTALL = YES;
				SWIFT_VERSION = 5.0;
				TARGETED_DEVICE_FAMILY = 4;
				WATCHOS_DEPLOYMENT_TARGET = 7.0;
			};
			name = Debug;
		};
		4F213592254FEC380004D6C1 /* Release */ = {
			isa = XCBuildConfiguration;
			buildSettings = {
				ASSETCATALOG_COMPILER_COMPLICATION_NAME = Complication;
				CODE_SIGN_STYLE = Automatic;
				DEVELOPMENT_TEAM = FAN774JRD2;
				INFOPLIST_FILE = "WatchAppFirst WatchKit Extension/Info.plist";
				LD_RUNPATH_SEARCH_PATHS = (
					"$(inherited)",
					"@executable_path/Frameworks",
					"@executable_path/../../Frameworks",
				);
				PRODUCT_BUNDLE_IDENTIFIER = com.hanwe.WatchAppFirst.watchkitapp.watchkitextension;
				PRODUCT_NAME = "${TARGET_NAME}";
				SDKROOT = watchos;
				SKIP_INSTALL = YES;
				SWIFT_VERSION = 5.0;
				TARGETED_DEVICE_FAMILY = 4;
				VALIDATE_PRODUCT = YES;
				WATCHOS_DEPLOYMENT_TARGET = 7.0;
			};
			name = Release;
		};
		4F213595254FEC380004D6C1 /* Debug */ = {
			isa = XCBuildConfiguration;
			buildSettings = {
				ALWAYS_EMBED_SWIFT_STANDARD_LIBRARIES = YES;
				ASSETCATALOG_COMPILER_APPICON_NAME = AppIcon;
				ASSETCATALOG_COMPILER_GLOBAL_ACCENT_COLOR_NAME = AccentColor;
				CODE_SIGN_STYLE = Automatic;
				DEVELOPMENT_TEAM = FAN774JRD2;
				IBSC_MODULE = WatchAppFirst_WatchKit_Extension;
				INFOPLIST_FILE = "WatchAppFirst WatchKit App/Info.plist";
				PRODUCT_BUNDLE_IDENTIFIER = com.hanwe.WatchAppFirst.watchkitapp;
				PRODUCT_NAME = "$(TARGET_NAME)";
				SDKROOT = watchos;
				SKIP_INSTALL = YES;
				SWIFT_VERSION = 5.0;
				TARGETED_DEVICE_FAMILY = 4;
				WATCHOS_DEPLOYMENT_TARGET = 7.0;
			};
			name = Debug;
		};
		4F213596254FEC380004D6C1 /* Release */ = {
			isa = XCBuildConfiguration;
			buildSettings = {
				ALWAYS_EMBED_SWIFT_STANDARD_LIBRARIES = YES;
				ASSETCATALOG_COMPILER_APPICON_NAME = AppIcon;
				ASSETCATALOG_COMPILER_GLOBAL_ACCENT_COLOR_NAME = AccentColor;
				CODE_SIGN_STYLE = Automatic;
				DEVELOPMENT_TEAM = FAN774JRD2;
				IBSC_MODULE = WatchAppFirst_WatchKit_Extension;
				INFOPLIST_FILE = "WatchAppFirst WatchKit App/Info.plist";
				PRODUCT_BUNDLE_IDENTIFIER = com.hanwe.WatchAppFirst.watchkitapp;
				PRODUCT_NAME = "$(TARGET_NAME)";
				SDKROOT = watchos;
				SKIP_INSTALL = YES;
				SWIFT_VERSION = 5.0;
				TARGETED_DEVICE_FAMILY = 4;
				VALIDATE_PRODUCT = YES;
				WATCHOS_DEPLOYMENT_TARGET = 7.0;
			};
			name = Release;
		};
		4F213599254FEC380004D6C1 /* Debug */ = {
			isa = XCBuildConfiguration;
			buildSettings = {
				ASSETCATALOG_COMPILER_APPICON_NAME = AppIcon;
				ASSETCATALOG_COMPILER_GLOBAL_ACCENT_COLOR_NAME = AccentColor;
				CODE_SIGN_STYLE = Automatic;
				DEVELOPMENT_TEAM = FAN774JRD2;
				INFOPLIST_FILE = WatchAppFirst/Info.plist;
				IPHONEOS_DEPLOYMENT_TARGET = 14.1;
				LD_RUNPATH_SEARCH_PATHS = (
					"$(inherited)",
					"@executable_path/Frameworks",
				);
				PRODUCT_BUNDLE_IDENTIFIER = com.hanwe.WatchAppFirst;
				PRODUCT_NAME = "$(TARGET_NAME)";
				SDKROOT = iphoneos;
				SWIFT_VERSION = 5.0;
				TARGETED_DEVICE_FAMILY = "1,2";
			};
			name = Debug;
		};
		4F21359A254FEC380004D6C1 /* Release */ = {
			isa = XCBuildConfiguration;
			buildSettings = {
				ASSETCATALOG_COMPILER_APPICON_NAME = AppIcon;
				ASSETCATALOG_COMPILER_GLOBAL_ACCENT_COLOR_NAME = AccentColor;
				CODE_SIGN_STYLE = Automatic;
				DEVELOPMENT_TEAM = FAN774JRD2;
				INFOPLIST_FILE = WatchAppFirst/Info.plist;
				IPHONEOS_DEPLOYMENT_TARGET = 14.1;
				LD_RUNPATH_SEARCH_PATHS = (
					"$(inherited)",
					"@executable_path/Frameworks",
				);
				PRODUCT_BUNDLE_IDENTIFIER = com.hanwe.WatchAppFirst;
				PRODUCT_NAME = "$(TARGET_NAME)";
				SDKROOT = iphoneos;
				SWIFT_VERSION = 5.0;
				TARGETED_DEVICE_FAMILY = "1,2";
				VALIDATE_PRODUCT = YES;
			};
			name = Release;
		};
/* End XCBuildConfiguration section */

/* Begin XCConfigurationList section */
		4F213555254FEC350004D6C1 /* Build configuration list for PBXProject "WatchAppFirst" */ = {
			isa = XCConfigurationList;
			buildConfigurations = (
				4F21358E254FEC380004D6C1 /* Debug */,
				4F21358F254FEC380004D6C1 /* Release */,
			);
			defaultConfigurationIsVisible = 0;
			defaultConfigurationName = Release;
		};
		4F213590254FEC380004D6C1 /* Build configuration list for PBXNativeTarget "WatchAppFirst WatchKit Extension" */ = {
			isa = XCConfigurationList;
			buildConfigurations = (
				4F213591254FEC380004D6C1 /* Debug */,
				4F213592254FEC380004D6C1 /* Release */,
			);
			defaultConfigurationIsVisible = 0;
			defaultConfigurationName = Release;
		};
		4F213594254FEC380004D6C1 /* Build configuration list for PBXNativeTarget "WatchAppFirst WatchKit App" */ = {
			isa = XCConfigurationList;
			buildConfigurations = (
				4F213595254FEC380004D6C1 /* Debug */,
				4F213596254FEC380004D6C1 /* Release */,
			);
			defaultConfigurationIsVisible = 0;
			defaultConfigurationName = Release;
		};
		4F213598254FEC380004D6C1 /* Build configuration list for PBXNativeTarget "WatchAppFirst" */ = {
			isa = XCConfigurationList;
			buildConfigurations = (
				4F213599254FEC380004D6C1 /* Debug */,
				4F21359A254FEC380004D6C1 /* Release */,
			);
			defaultConfigurationIsVisible = 0;
			defaultConfigurationName = Release;
		};
/* End XCConfigurationList section */
	};
	rootObject = 4F213552254FEC350004D6C1 /* Project object */;
}
