// !$*UTF8*$!
{
	archiveVersion = 1;
	classes = {
	};
	objectVersion = 51;
	objects = {

/* Begin PBXBuildFile section */
		205A8FEDA7A003C531E6F00E /* Pods_WidgetTest.framework in Frameworks */ = {isa = PBXBuildFile; fileRef = 40081900678E9C146F1FE43E /* Pods_WidgetTest.framework */; };
		3112509E36D5C8F982C79E1C /* Pods_MyWidgetExtension.framework in Frameworks */ = {isa = PBXBuildFile; fileRef = 14740780F058029AF3D2BD8C /* Pods_MyWidgetExtension.framework */; };
		4F7CDDC12562010C0087A115 /* EditableWidget.swift in Sources */ = {isa = PBXBuildFile; fileRef = 4F7CDDBD2561FE790087A115 /* EditableWidget.swift */; };
		4F7CDDDB256202F20087A115 /* EditableIntent.intentdefinition in Sources */ = {isa = PBXBuildFile; fileRef = 4F7CDDD5256202EF0087A115 /* EditableIntent.intentdefinition */; };
		4F7CDDEB256208C50087A115 /* IntentHandler.swift in Sources */ = {isa = PBXBuildFile; fileRef = 4F7CDDEA256208C50087A115 /* IntentHandler.swift */; };
		4F7CDDF3256208C50087A115 /* IntentsUI.framework in Frameworks */ = {isa = PBXBuildFile; fileRef = 4F7CDDF2256208C50087A115 /* IntentsUI.framework */; };
		4F7CDDF6256208C50087A115 /* IntentViewController.swift in Sources */ = {isa = PBXBuildFile; fileRef = 4F7CDDF5256208C50087A115 /* IntentViewController.swift */; };
		4F7CDDF9256208C50087A115 /* MainInterface.storyboard in Resources */ = {isa = PBXBuildFile; fileRef = 4F7CDDF7256208C50087A115 /* MainInterface.storyboard */; };
		4F7CDDFD256208C50087A115 /* IntentHandlerUI.appex in Embed App Extensions */ = {isa = PBXBuildFile; fileRef = 4F7CDDF1256208C50087A115 /* IntentHandlerUI.appex */; settings = {ATTRIBUTES = (RemoveHeadersOnCopy, ); }; };
		4F7CDE00256208C50087A115 /* IntentHandler.appex in Embed App Extensions */ = {isa = PBXBuildFile; fileRef = 4F7CDDE8256208C50087A115 /* IntentHandler.appex */; settings = {ATTRIBUTES = (RemoveHeadersOnCopy, ); }; };
		4F7CDE13256208FE0087A115 /* EditableIntent.intentdefinition in Sources */ = {isa = PBXBuildFile; fileRef = 4F7CDDD5256202EF0087A115 /* EditableIntent.intentdefinition */; };
		4F7CDE24256209940087A115 /* EditableIntent.intentdefinition in Sources */ = {isa = PBXBuildFile; fileRef = 4F7CDDD5256202EF0087A115 /* EditableIntent.intentdefinition */; };
		4F7CDE3625620DB80087A115 /* EditableIntent.intentdefinition in Sources */ = {isa = PBXBuildFile; fileRef = 4F7CDDD5256202EF0087A115 /* EditableIntent.intentdefinition */; };
		787523EF2560FAC100BB3EB2 /* MyWidgetType1.swift in Sources */ = {isa = PBXBuildFile; fileRef = 787523AA2560FA7100BB3EB2 /* MyWidgetType1.swift */; };
		787523F62560FB8C00BB3EB2 /* MyWidgetType2.swift in Sources */ = {isa = PBXBuildFile; fileRef = 787523F22560FB8800BB3EB2 /* MyWidgetType2.swift */; };
		787524012560FF0500BB3EB2 /* DeepLinkWidget.swift in Sources */ = {isa = PBXBuildFile; fileRef = 787523F92560FEC500BB3EB2 /* DeepLinkWidget.swift */; };
		7875240A2561052E00BB3EB2 /* CountdownWidget.swift in Sources */ = {isa = PBXBuildFile; fileRef = 78752404256104BF00BB3EB2 /* CountdownWidget.swift */; };
		78752415256118BA00BB3EB2 /* Countdown2Widget.swift in Sources */ = {isa = PBXBuildFile; fileRef = 7875240F2561189A00BB3EB2 /* Countdown2Widget.swift */; };
		788B2D312560EF30003FA429 /* AppDelegate.swift in Sources */ = {isa = PBXBuildFile; fileRef = 788B2D302560EF30003FA429 /* AppDelegate.swift */; };
		788B2D332560EF30003FA429 /* SceneDelegate.swift in Sources */ = {isa = PBXBuildFile; fileRef = 788B2D322560EF30003FA429 /* SceneDelegate.swift */; };
		788B2D352560EF30003FA429 /* ViewController.swift in Sources */ = {isa = PBXBuildFile; fileRef = 788B2D342560EF30003FA429 /* ViewController.swift */; };
		788B2D382560EF30003FA429 /* Main.storyboard in Resources */ = {isa = PBXBuildFile; fileRef = 788B2D362560EF30003FA429 /* Main.storyboard */; };
		788B2D3A2560EF32003FA429 /* Assets.xcassets in Resources */ = {isa = PBXBuildFile; fileRef = 788B2D392560EF32003FA429 /* Assets.xcassets */; };
		788B2D3D2560EF32003FA429 /* LaunchScreen.storyboard in Resources */ = {isa = PBXBuildFile; fileRef = 788B2D3B2560EF32003FA429 /* LaunchScreen.storyboard */; };
		788B2D4C2560EF69003FA429 /* WidgetKit.framework in Frameworks */ = {isa = PBXBuildFile; fileRef = 788B2D4B2560EF69003FA429 /* WidgetKit.framework */; };
		788B2D4E2560EF69003FA429 /* SwiftUI.framework in Frameworks */ = {isa = PBXBuildFile; fileRef = 788B2D4D2560EF69003FA429 /* SwiftUI.framework */; };
		788B2D512560EF69003FA429 /* MyWidget.swift in Sources */ = {isa = PBXBuildFile; fileRef = 788B2D502560EF69003FA429 /* MyWidget.swift */; };
		788B2D542560EF6C003FA429 /* Assets.xcassets in Resources */ = {isa = PBXBuildFile; fileRef = 788B2D532560EF6C003FA429 /* Assets.xcassets */; };
		788B2D562560EF6C003FA429 /* MyWidget.intentdefinition in Sources */ = {isa = PBXBuildFile; fileRef = 788B2D522560EF69003FA429 /* MyWidget.intentdefinition */; };
		788B2D572560EF6C003FA429 /* MyWidget.intentdefinition in Sources */ = {isa = PBXBuildFile; fileRef = 788B2D522560EF69003FA429 /* MyWidget.intentdefinition */; };
		788B2D5A2560EF6C003FA429 /* MyWidgetExtension.appex in Embed App Extensions */ = {isa = PBXBuildFile; fileRef = 788B2D492560EF69003FA429 /* MyWidgetExtension.appex */; settings = {ATTRIBUTES = (RemoveHeadersOnCopy, ); }; };
/* End PBXBuildFile section */

/* Begin PBXContainerItemProxy section */
		4F7CDDFB256208C50087A115 /* PBXContainerItemProxy */ = {
			isa = PBXContainerItemProxy;
			containerPortal = 788B2D252560EF30003FA429 /* Project object */;
			proxyType = 1;
			remoteGlobalIDString = 4F7CDDF0256208C50087A115;
			remoteInfo = IntentHandlerUI;
		};
		4F7CDDFE256208C50087A115 /* PBXContainerItemProxy */ = {
			isa = PBXContainerItemProxy;
			containerPortal = 788B2D252560EF30003FA429 /* Project object */;
			proxyType = 1;
			remoteGlobalIDString = 4F7CDDE7256208C50087A115;
			remoteInfo = IntentHandler;
		};
		788B2D582560EF6C003FA429 /* PBXContainerItemProxy */ = {
			isa = PBXContainerItemProxy;
			containerPortal = 788B2D252560EF30003FA429 /* Project object */;
			proxyType = 1;
			remoteGlobalIDString = 788B2D482560EF69003FA429;
			remoteInfo = MyWidgetExtension;
		};
/* End PBXContainerItemProxy section */

/* Begin PBXCopyFilesBuildPhase section */
		788B2D5E2560EF6C003FA429 /* Embed App Extensions */ = {
			isa = PBXCopyFilesBuildPhase;
			buildActionMask = 2147483647;
			dstPath = "";
			dstSubfolderSpec = 13;
			files = (
				788B2D5A2560EF6C003FA429 /* MyWidgetExtension.appex in Embed App Extensions */,
				4F7CDE00256208C50087A115 /* IntentHandler.appex in Embed App Extensions */,
				4F7CDDFD256208C50087A115 /* IntentHandlerUI.appex in Embed App Extensions */,
			);
			name = "Embed App Extensions";
			runOnlyForDeploymentPostprocessing = 0;
		};
/* End PBXCopyFilesBuildPhase section */

/* Begin PBXFileReference section */
		14740780F058029AF3D2BD8C /* Pods_MyWidgetExtension.framework */ = {isa = PBXFileReference; explicitFileType = wrapper.framework; includeInIndex = 0; path = Pods_MyWidgetExtension.framework; sourceTree = BUILT_PRODUCTS_DIR; };
		40081900678E9C146F1FE43E /* Pods_WidgetTest.framework */ = {isa = PBXFileReference; explicitFileType = wrapper.framework; includeInIndex = 0; path = Pods_WidgetTest.framework; sourceTree = BUILT_PRODUCTS_DIR; };
		4F7CDDBD2561FE790087A115 /* EditableWidget.swift */ = {isa = PBXFileReference; lastKnownFileType = sourcecode.swift; path = EditableWidget.swift; sourceTree = "<group>"; };
		4F7CDDD5256202EF0087A115 /* EditableIntent.intentdefinition */ = {isa = PBXFileReference; lastKnownFileType = file.intentdefinition; path = EditableIntent.intentdefinition; sourceTree = "<group>"; };
		4F7CDDE8256208C50087A115 /* IntentHandler.appex */ = {isa = PBXFileReference; explicitFileType = "wrapper.app-extension"; includeInIndex = 0; path = IntentHandler.appex; sourceTree = BUILT_PRODUCTS_DIR; };
		4F7CDDEA256208C50087A115 /* IntentHandler.swift */ = {isa = PBXFileReference; lastKnownFileType = sourcecode.swift; path = IntentHandler.swift; sourceTree = "<group>"; };
		4F7CDDEC256208C50087A115 /* Info.plist */ = {isa = PBXFileReference; lastKnownFileType = text.plist.xml; path = Info.plist; sourceTree = "<group>"; };
		4F7CDDF1256208C50087A115 /* IntentHandlerUI.appex */ = {isa = PBXFileReference; explicitFileType = "wrapper.app-extension"; includeInIndex = 0; path = IntentHandlerUI.appex; sourceTree = BUILT_PRODUCTS_DIR; };
		4F7CDDF2256208C50087A115 /* IntentsUI.framework */ = {isa = PBXFileReference; lastKnownFileType = wrapper.framework; name = IntentsUI.framework; path = System/Library/Frameworks/IntentsUI.framework; sourceTree = SDKROOT; };
		4F7CDDF5256208C50087A115 /* IntentViewController.swift */ = {isa = PBXFileReference; lastKnownFileType = sourcecode.swift; path = IntentViewController.swift; sourceTree = "<group>"; };
		4F7CDDF8256208C50087A115 /* Base */ = {isa = PBXFileReference; lastKnownFileType = file.storyboard; name = Base; path = Base.lproj/MainInterface.storyboard; sourceTree = "<group>"; };
		4F7CDDFA256208C50087A115 /* Info.plist */ = {isa = PBXFileReference; lastKnownFileType = text.plist.xml; path = Info.plist; sourceTree = "<group>"; };
		68AC2E0125154E88706A6EF9 /* Pods-WidgetTest.debug.xcconfig */ = {isa = PBXFileReference; includeInIndex = 1; lastKnownFileType = text.xcconfig; name = "Pods-WidgetTest.debug.xcconfig"; path = "Target Support Files/Pods-WidgetTest/Pods-WidgetTest.debug.xcconfig"; sourceTree = "<group>"; };
		787523AA2560FA7100BB3EB2 /* MyWidgetType1.swift */ = {isa = PBXFileReference; fileEncoding = 4; lastKnownFileType = sourcecode.swift; path = MyWidgetType1.swift; sourceTree = "<group>"; };
		787523F22560FB8800BB3EB2 /* MyWidgetType2.swift */ = {isa = PBXFileReference; lastKnownFileType = sourcecode.swift; path = MyWidgetType2.swift; sourceTree = "<group>"; };
		787523F92560FEC500BB3EB2 /* DeepLinkWidget.swift */ = {isa = PBXFileReference; lastKnownFileType = sourcecode.swift; path = DeepLinkWidget.swift; sourceTree = "<group>"; };
		78752404256104BF00BB3EB2 /* CountdownWidget.swift */ = {isa = PBXFileReference; lastKnownFileType = sourcecode.swift; path = CountdownWidget.swift; sourceTree = "<group>"; };
		7875240F2561189A00BB3EB2 /* Countdown2Widget.swift */ = {isa = PBXFileReference; lastKnownFileType = sourcecode.swift; path = Countdown2Widget.swift; sourceTree = "<group>"; };
		788B2D2D2560EF30003FA429 /* WidgetTest.app */ = {isa = PBXFileReference; explicitFileType = wrapper.application; includeInIndex = 0; path = WidgetTest.app; sourceTree = BUILT_PRODUCTS_DIR; };
		788B2D302560EF30003FA429 /* AppDelegate.swift */ = {isa = PBXFileReference; lastKnownFileType = sourcecode.swift; path = AppDelegate.swift; sourceTree = "<group>"; };
		788B2D322560EF30003FA429 /* SceneDelegate.swift */ = {isa = PBXFileReference; lastKnownFileType = sourcecode.swift; path = SceneDelegate.swift; sourceTree = "<group>"; };
		788B2D342560EF30003FA429 /* ViewController.swift */ = {isa = PBXFileReference; lastKnownFileType = sourcecode.swift; path = ViewController.swift; sourceTree = "<group>"; };
		788B2D372560EF30003FA429 /* Base */ = {isa = PBXFileReference; lastKnownFileType = file.storyboard; name = Base; path = Base.lproj/Main.storyboard; sourceTree = "<group>"; };
		788B2D392560EF32003FA429 /* Assets.xcassets */ = {isa = PBXFileReference; lastKnownFileType = folder.assetcatalog; path = Assets.xcassets; sourceTree = "<group>"; };
		788B2D3C2560EF32003FA429 /* Base */ = {isa = PBXFileReference; lastKnownFileType = file.storyboard; name = Base; path = Base.lproj/LaunchScreen.storyboard; sourceTree = "<group>"; };
		788B2D3E2560EF32003FA429 /* Info.plist */ = {isa = PBXFileReference; lastKnownFileType = text.plist.xml; path = Info.plist; sourceTree = "<group>"; };
		788B2D492560EF69003FA429 /* MyWidgetExtension.appex */ = {isa = PBXFileReference; explicitFileType = "wrapper.app-extension"; includeInIndex = 0; path = MyWidgetExtension.appex; sourceTree = BUILT_PRODUCTS_DIR; };
		788B2D4B2560EF69003FA429 /* WidgetKit.framework */ = {isa = PBXFileReference; lastKnownFileType = wrapper.framework; name = WidgetKit.framework; path = System/Library/Frameworks/WidgetKit.framework; sourceTree = SDKROOT; };
		788B2D4D2560EF69003FA429 /* SwiftUI.framework */ = {isa = PBXFileReference; lastKnownFileType = wrapper.framework; name = SwiftUI.framework; path = System/Library/Frameworks/SwiftUI.framework; sourceTree = SDKROOT; };
		788B2D502560EF69003FA429 /* MyWidget.swift */ = {isa = PBXFileReference; lastKnownFileType = sourcecode.swift; path = MyWidget.swift; sourceTree = "<group>"; };
		788B2D522560EF69003FA429 /* MyWidget.intentdefinition */ = {isa = PBXFileReference; lastKnownFileType = file.intentdefinition; path = MyWidget.intentdefinition; sourceTree = "<group>"; };
		788B2D532560EF6C003FA429 /* Assets.xcassets */ = {isa = PBXFileReference; lastKnownFileType = folder.assetcatalog; path = Assets.xcassets; sourceTree = "<group>"; };
		788B2D552560EF6C003FA429 /* Info.plist */ = {isa = PBXFileReference; lastKnownFileType = text.plist.xml; path = Info.plist; sourceTree = "<group>"; };
		C4A4E50A89D279150A6E6893 /* Pods-MyWidgetExtension.release.xcconfig */ = {isa = PBXFileReference; includeInIndex = 1; lastKnownFileType = text.xcconfig; name = "Pods-MyWidgetExtension.release.xcconfig"; path = "Target Support Files/Pods-MyWidgetExtension/Pods-MyWidgetExtension.release.xcconfig"; sourceTree = "<group>"; };
		CB8183B28DB57E3550329B46 /* Pods-WidgetTest.release.xcconfig */ = {isa = PBXFileReference; includeInIndex = 1; lastKnownFileType = text.xcconfig; name = "Pods-WidgetTest.release.xcconfig"; path = "Target Support Files/Pods-WidgetTest/Pods-WidgetTest.release.xcconfig"; sourceTree = "<group>"; };
		CC56D27877D6638F51D28082 /* Pods-MyWidgetExtension.debug.xcconfig */ = {isa = PBXFileReference; includeInIndex = 1; lastKnownFileType = text.xcconfig; name = "Pods-MyWidgetExtension.debug.xcconfig"; path = "Target Support Files/Pods-MyWidgetExtension/Pods-MyWidgetExtension.debug.xcconfig"; sourceTree = "<group>"; };
/* End PBXFileReference section */

/* Begin PBXFrameworksBuildPhase section */
		4F7CDDE5256208C50087A115 /* Frameworks */ = {
			isa = PBXFrameworksBuildPhase;
			buildActionMask = 2147483647;
			files = (
			);
			runOnlyForDeploymentPostprocessing = 0;
		};
		4F7CDDEE256208C50087A115 /* Frameworks */ = {
			isa = PBXFrameworksBuildPhase;
			buildActionMask = 2147483647;
			files = (
				4F7CDDF3256208C50087A115 /* IntentsUI.framework in Frameworks */,
			);
			runOnlyForDeploymentPostprocessing = 0;
		};
		788B2D2A2560EF30003FA429 /* Frameworks */ = {
			isa = PBXFrameworksBuildPhase;
			buildActionMask = 2147483647;
			files = (
				205A8FEDA7A003C531E6F00E /* Pods_WidgetTest.framework in Frameworks */,
			);
			runOnlyForDeploymentPostprocessing = 0;
		};
		788B2D462560EF69003FA429 /* Frameworks */ = {
			isa = PBXFrameworksBuildPhase;
			buildActionMask = 2147483647;
			files = (
				788B2D4E2560EF69003FA429 /* SwiftUI.framework in Frameworks */,
				788B2D4C2560EF69003FA429 /* WidgetKit.framework in Frameworks */,
				3112509E36D5C8F982C79E1C /* Pods_MyWidgetExtension.framework in Frameworks */,
			);
			runOnlyForDeploymentPostprocessing = 0;
		};
/* End PBXFrameworksBuildPhase section */

/* Begin PBXGroup section */
		4F7CDDE9256208C50087A115 /* IntentHandler */ = {
			isa = PBXGroup;
			children = (
				4F7CDDEA256208C50087A115 /* IntentHandler.swift */,
				4F7CDDEC256208C50087A115 /* Info.plist */,
			);
			path = IntentHandler;
			sourceTree = "<group>";
		};
		4F7CDDF4256208C50087A115 /* IntentHandlerUI */ = {
			isa = PBXGroup;
			children = (
				4F7CDDF5256208C50087A115 /* IntentViewController.swift */,
				4F7CDDF7256208C50087A115 /* MainInterface.storyboard */,
				4F7CDDFA256208C50087A115 /* Info.plist */,
			);
			path = IntentHandlerUI;
			sourceTree = "<group>";
		};
		5B8A5891881F57AC7D53BCD8 /* Pods */ = {
			isa = PBXGroup;
			children = (
				CC56D27877D6638F51D28082 /* Pods-MyWidgetExtension.debug.xcconfig */,
				C4A4E50A89D279150A6E6893 /* Pods-MyWidgetExtension.release.xcconfig */,
				68AC2E0125154E88706A6EF9 /* Pods-WidgetTest.debug.xcconfig */,
				CB8183B28DB57E3550329B46 /* Pods-WidgetTest.release.xcconfig */,
			);
			path = Pods;
			sourceTree = "<group>";
		};
		788B2D242560EF30003FA429 = {
			isa = PBXGroup;
			children = (
				788B2D2F2560EF30003FA429 /* WidgetTest */,
				788B2D4F2560EF69003FA429 /* MyWidget */,
				4F7CDDE9256208C50087A115 /* IntentHandler */,
				4F7CDDF4256208C50087A115 /* IntentHandlerUI */,
				788B2D4A2560EF69003FA429 /* Frameworks */,
				788B2D2E2560EF30003FA429 /* Products */,
				5B8A5891881F57AC7D53BCD8 /* Pods */,
			);
			sourceTree = "<group>";
		};
		788B2D2E2560EF30003FA429 /* Products */ = {
			isa = PBXGroup;
			children = (
				788B2D2D2560EF30003FA429 /* WidgetTest.app */,
				788B2D492560EF69003FA429 /* MyWidgetExtension.appex */,
				4F7CDDE8256208C50087A115 /* IntentHandler.appex */,
				4F7CDDF1256208C50087A115 /* IntentHandlerUI.appex */,
			);
			name = Products;
			sourceTree = "<group>";
		};
		788B2D2F2560EF30003FA429 /* WidgetTest */ = {
			isa = PBXGroup;
			children = (
				788B2D302560EF30003FA429 /* AppDelegate.swift */,
				788B2D322560EF30003FA429 /* SceneDelegate.swift */,
				788B2D342560EF30003FA429 /* ViewController.swift */,
				788B2D362560EF30003FA429 /* Main.storyboard */,
				788B2D392560EF32003FA429 /* Assets.xcassets */,
				788B2D3B2560EF32003FA429 /* LaunchScreen.storyboard */,
				788B2D3E2560EF32003FA429 /* Info.plist */,
			);
			path = WidgetTest;
			sourceTree = "<group>";
		};
		788B2D4A2560EF69003FA429 /* Frameworks */ = {
			isa = PBXGroup;
			children = (
				788B2D4B2560EF69003FA429 /* WidgetKit.framework */,
				788B2D4D2560EF69003FA429 /* SwiftUI.framework */,
				14740780F058029AF3D2BD8C /* Pods_MyWidgetExtension.framework */,
				40081900678E9C146F1FE43E /* Pods_WidgetTest.framework */,
				4F7CDDF2256208C50087A115 /* IntentsUI.framework */,
			);
			name = Frameworks;
			sourceTree = "<group>";
		};
		788B2D4F2560EF69003FA429 /* MyWidget */ = {
			isa = PBXGroup;
			children = (
				788B2D502560EF69003FA429 /* MyWidget.swift */,
				787523AA2560FA7100BB3EB2 /* MyWidgetType1.swift */,
				787523F22560FB8800BB3EB2 /* MyWidgetType2.swift */,
				787523F92560FEC500BB3EB2 /* DeepLinkWidget.swift */,
				78752404256104BF00BB3EB2 /* CountdownWidget.swift */,
				7875240F2561189A00BB3EB2 /* Countdown2Widget.swift */,
				788B2D522560EF69003FA429 /* MyWidget.intentdefinition */,
				788B2D532560EF6C003FA429 /* Assets.xcassets */,
				788B2D552560EF6C003FA429 /* Info.plist */,
				4F7CDDBD2561FE790087A115 /* EditableWidget.swift */,
				4F7CDDD5256202EF0087A115 /* EditableIntent.intentdefinition */,
			);
			path = MyWidget;
			sourceTree = "<group>";
		};
/* End PBXGroup section */

/* Begin PBXNativeTarget section */
		4F7CDDE7256208C50087A115 /* IntentHandler */ = {
			isa = PBXNativeTarget;
			buildConfigurationList = 4F7CDE04256208C50087A115 /* Build configuration list for PBXNativeTarget "IntentHandler" */;
			buildPhases = (
				4F7CDDE4256208C50087A115 /* Sources */,
				4F7CDDE5256208C50087A115 /* Frameworks */,
				4F7CDDE6256208C50087A115 /* Resources */,
			);
			buildRules = (
			);
			dependencies = (
			);
			name = IntentHandler;
			productName = IntentHandler;
			productReference = 4F7CDDE8256208C50087A115 /* IntentHandler.appex */;
			productType = "com.apple.product-type.app-extension";
		};
		4F7CDDF0256208C50087A115 /* IntentHandlerUI */ = {
			isa = PBXNativeTarget;
			buildConfigurationList = 4F7CDE01256208C50087A115 /* Build configuration list for PBXNativeTarget "IntentHandlerUI" */;
			buildPhases = (
				4F7CDDED256208C50087A115 /* Sources */,
				4F7CDDEE256208C50087A115 /* Frameworks */,
				4F7CDDEF256208C50087A115 /* Resources */,
			);
			buildRules = (
			);
			dependencies = (
			);
			name = IntentHandlerUI;
			productName = IntentHandlerUI;
			productReference = 4F7CDDF1256208C50087A115 /* IntentHandlerUI.appex */;
			productType = "com.apple.product-type.app-extension";
		};
		788B2D2C2560EF30003FA429 /* WidgetTest */ = {
			isa = PBXNativeTarget;
			buildConfigurationList = 788B2D412560EF33003FA429 /* Build configuration list for PBXNativeTarget "WidgetTest" */;
			buildPhases = (
				0356CD98ED5855985F1DAF11 /* [CP] Check Pods Manifest.lock */,
				788B2D292560EF30003FA429 /* Sources */,
				788B2D2A2560EF30003FA429 /* Frameworks */,
				788B2D2B2560EF30003FA429 /* Resources */,
				788B2D5E2560EF6C003FA429 /* Embed App Extensions */,
				EEBD57CF7BBDA6715B9FF16A /* [CP] Embed Pods Frameworks */,
			);
			buildRules = (
			);
			dependencies = (
				788B2D592560EF6C003FA429 /* PBXTargetDependency */,
				4F7CDDFC256208C50087A115 /* PBXTargetDependency */,
				4F7CDDFF256208C50087A115 /* PBXTargetDependency */,
			);
			name = WidgetTest;
			productName = WidgetTest;
			productReference = 788B2D2D2560EF30003FA429 /* WidgetTest.app */;
			productType = "com.apple.product-type.application";
		};
		788B2D482560EF69003FA429 /* MyWidgetExtension */ = {
			isa = PBXNativeTarget;
			buildConfigurationList = 788B2D5B2560EF6C003FA429 /* Build configuration list for PBXNativeTarget "MyWidgetExtension" */;
			buildPhases = (
				71F1716831BE44A858F9AFBA /* [CP] Check Pods Manifest.lock */,
				788B2D452560EF69003FA429 /* Sources */,
				788B2D462560EF69003FA429 /* Frameworks */,
				788B2D472560EF69003FA429 /* Resources */,
			);
			buildRules = (
			);
			dependencies = (
			);
			name = MyWidgetExtension;
			productName = MyWidgetExtension;
			productReference = 788B2D492560EF69003FA429 /* MyWidgetExtension.appex */;
			productType = "com.apple.product-type.app-extension";
		};
/* End PBXNativeTarget section */

/* Begin PBXProject section */
		788B2D252560EF30003FA429 /* Project object */ = {
			isa = PBXProject;
			attributes = {
				LastSwiftUpdateCheck = 1220;
				LastUpgradeCheck = 1210;
				TargetAttributes = {
					4F7CDDE7256208C50087A115 = {
						CreatedOnToolsVersion = 12.2;
					};
					4F7CDDF0256208C50087A115 = {
						CreatedOnToolsVersion = 12.2;
					};
					788B2D2C2560EF30003FA429 = {
						CreatedOnToolsVersion = 12.1;
					};
					788B2D482560EF69003FA429 = {
						CreatedOnToolsVersion = 12.1;
					};
				};
			};
			buildConfigurationList = 788B2D282560EF30003FA429 /* Build configuration list for PBXProject "WidgetTest" */;
			compatibilityVersion = "Xcode 9.3";
			developmentRegion = en;
			hasScannedForEncodings = 0;
			knownRegions = (
				en,
				Base,
			);
			mainGroup = 788B2D242560EF30003FA429;
			productRefGroup = 788B2D2E2560EF30003FA429 /* Products */;
			projectDirPath = "";
			projectRoot = "";
			targets = (
				788B2D2C2560EF30003FA429 /* WidgetTest */,
				788B2D482560EF69003FA429 /* MyWidgetExtension */,
				4F7CDDE7256208C50087A115 /* IntentHandler */,
				4F7CDDF0256208C50087A115 /* IntentHandlerUI */,
			);
		};
/* End PBXProject section */

/* Begin PBXResourcesBuildPhase section */
		4F7CDDE6256208C50087A115 /* Resources */ = {
			isa = PBXResourcesBuildPhase;
			buildActionMask = 2147483647;
			files = (
			);
			runOnlyForDeploymentPostprocessing = 0;
		};
		4F7CDDEF256208C50087A115 /* Resources */ = {
			isa = PBXResourcesBuildPhase;
			buildActionMask = 2147483647;
			files = (
				4F7CDDF9256208C50087A115 /* MainInterface.storyboard in Resources */,
			);
			runOnlyForDeploymentPostprocessing = 0;
		};
		788B2D2B2560EF30003FA429 /* Resources */ = {
			isa = PBXResourcesBuildPhase;
			buildActionMask = 2147483647;
			files = (
				788B2D3D2560EF32003FA429 /* LaunchScreen.storyboard in Resources */,
				788B2D3A2560EF32003FA429 /* Assets.xcassets in Resources */,
				788B2D382560EF30003FA429 /* Main.storyboard in Resources */,
			);
			runOnlyForDeploymentPostprocessing = 0;
		};
		788B2D472560EF69003FA429 /* Resources */ = {
			isa = PBXResourcesBuildPhase;
			buildActionMask = 2147483647;
			files = (
				788B2D542560EF6C003FA429 /* Assets.xcassets in Resources */,
			);
			runOnlyForDeploymentPostprocessing = 0;
		};
/* End PBXResourcesBuildPhase section */

/* Begin PBXShellScriptBuildPhase section */
		0356CD98ED5855985F1DAF11 /* [CP] Check Pods Manifest.lock */ = {
			isa = PBXShellScriptBuildPhase;
			buildActionMask = 2147483647;
			files = (
			);
			inputFileListPaths = (
			);
			inputPaths = (
				"${PODS_PODFILE_DIR_PATH}/Podfile.lock",
				"${PODS_ROOT}/Manifest.lock",
			);
			name = "[CP] Check Pods Manifest.lock";
			outputFileListPaths = (
			);
			outputPaths = (
				"$(DERIVED_FILE_DIR)/Pods-WidgetTest-checkManifestLockResult.txt",
			);
			runOnlyForDeploymentPostprocessing = 0;
			shellPath = /bin/sh;
			shellScript = "diff \"${PODS_PODFILE_DIR_PATH}/Podfile.lock\" \"${PODS_ROOT}/Manifest.lock\" > /dev/null\nif [ $? != 0 ] ; then\n    # print error to STDERR\n    echo \"error: The sandbox is not in sync with the Podfile.lock. Run 'pod install' or update your CocoaPods installation.\" >&2\n    exit 1\nfi\n# This output is used by Xcode 'outputs' to avoid re-running this script phase.\necho \"SUCCESS\" > \"${SCRIPT_OUTPUT_FILE_0}\"\n";
			showEnvVarsInLog = 0;
		};
		71F1716831BE44A858F9AFBA /* [CP] Check Pods Manifest.lock */ = {
			isa = PBXShellScriptBuildPhase;
			buildActionMask = 2147483647;
			files = (
			);
			inputFileListPaths = (
			);
			inputPaths = (
				"${PODS_PODFILE_DIR_PATH}/Podfile.lock",
				"${PODS_ROOT}/Manifest.lock",
			);
			name = "[CP] Check Pods Manifest.lock";
			outputFileListPaths = (
			);
			outputPaths = (
				"$(DERIVED_FILE_DIR)/Pods-MyWidgetExtension-checkManifestLockResult.txt",
			);
			runOnlyForDeploymentPostprocessing = 0;
			shellPath = /bin/sh;
			shellScript = "diff \"${PODS_PODFILE_DIR_PATH}/Podfile.lock\" \"${PODS_ROOT}/Manifest.lock\" > /dev/null\nif [ $? != 0 ] ; then\n    # print error to STDERR\n    echo \"error: The sandbox is not in sync with the Podfile.lock. Run 'pod install' or update your CocoaPods installation.\" >&2\n    exit 1\nfi\n# This output is used by Xcode 'outputs' to avoid re-running this script phase.\necho \"SUCCESS\" > \"${SCRIPT_OUTPUT_FILE_0}\"\n";
			showEnvVarsInLog = 0;
		};
		EEBD57CF7BBDA6715B9FF16A /* [CP] Embed Pods Frameworks */ = {
			isa = PBXShellScriptBuildPhase;
			buildActionMask = 2147483647;
			files = (
			);
			inputFileListPaths = (
				"${PODS_ROOT}/Target Support Files/Pods-WidgetTest/Pods-WidgetTest-frameworks-${CONFIGURATION}-input-files.xcfilelist",
			);
			name = "[CP] Embed Pods Frameworks";
			outputFileListPaths = (
				"${PODS_ROOT}/Target Support Files/Pods-WidgetTest/Pods-WidgetTest-frameworks-${CONFIGURATION}-output-files.xcfilelist",
			);
			runOnlyForDeploymentPostprocessing = 0;
			shellPath = /bin/sh;
			shellScript = "\"${PODS_ROOT}/Target Support Files/Pods-WidgetTest/Pods-WidgetTest-frameworks.sh\"\n";
			showEnvVarsInLog = 0;
		};
/* End PBXShellScriptBuildPhase section */

/* Begin PBXSourcesBuildPhase section */
		4F7CDDE4256208C50087A115 /* Sources */ = {
			isa = PBXSourcesBuildPhase;
			buildActionMask = 2147483647;
			files = (
				4F7CDE13256208FE0087A115 /* EditableIntent.intentdefinition in Sources */,
				4F7CDDEB256208C50087A115 /* IntentHandler.swift in Sources */,
			);
			runOnlyForDeploymentPostprocessing = 0;
		};
		4F7CDDED256208C50087A115 /* Sources */ = {
			isa = PBXSourcesBuildPhase;
			buildActionMask = 2147483647;
			files = (
				4F7CDE24256209940087A115 /* EditableIntent.intentdefinition in Sources */,
				4F7CDDF6256208C50087A115 /* IntentViewController.swift in Sources */,
			);
			runOnlyForDeploymentPostprocessing = 0;
		};
		788B2D292560EF30003FA429 /* Sources */ = {
			isa = PBXSourcesBuildPhase;
			buildActionMask = 2147483647;
			files = (
				788B2D572560EF6C003FA429 /* MyWidget.intentdefinition in Sources */,
				4F7CDE3625620DB80087A115 /* EditableIntent.intentdefinition in Sources */,
				788B2D352560EF30003FA429 /* ViewController.swift in Sources */,
				788B2D312560EF30003FA429 /* AppDelegate.swift in Sources */,
				788B2D332560EF30003FA429 /* SceneDelegate.swift in Sources */,
			);
			runOnlyForDeploymentPostprocessing = 0;
		};
		788B2D452560EF69003FA429 /* Sources */ = {
			isa = PBXSourcesBuildPhase;
			buildActionMask = 2147483647;
			files = (
				787523F62560FB8C00BB3EB2 /* MyWidgetType2.swift in Sources */,
				7875240A2561052E00BB3EB2 /* CountdownWidget.swift in Sources */,
				787524012560FF0500BB3EB2 /* DeepLinkWidget.swift in Sources */,
				4F7CDDDB256202F20087A115 /* EditableIntent.intentdefinition in Sources */,
				788B2D562560EF6C003FA429 /* MyWidget.intentdefinition in Sources */,
				787523EF2560FAC100BB3EB2 /* MyWidgetType1.swift in Sources */,
				4F7CDDC12562010C0087A115 /* EditableWidget.swift in Sources */,
				788B2D512560EF69003FA429 /* MyWidget.swift in Sources */,
				78752415256118BA00BB3EB2 /* Countdown2Widget.swift in Sources */,
			);
			runOnlyForDeploymentPostprocessing = 0;
		};
/* End PBXSourcesBuildPhase section */

/* Begin PBXTargetDependency section */
		4F7CDDFC256208C50087A115 /* PBXTargetDependency */ = {
			isa = PBXTargetDependency;
			target = 4F7CDDF0256208C50087A115 /* IntentHandlerUI */;
			targetProxy = 4F7CDDFB256208C50087A115 /* PBXContainerItemProxy */;
		};
		4F7CDDFF256208C50087A115 /* PBXTargetDependency */ = {
			isa = PBXTargetDependency;
			target = 4F7CDDE7256208C50087A115 /* IntentHandler */;
			targetProxy = 4F7CDDFE256208C50087A115 /* PBXContainerItemProxy */;
		};
		788B2D592560EF6C003FA429 /* PBXTargetDependency */ = {
			isa = PBXTargetDependency;
			target = 788B2D482560EF69003FA429 /* MyWidgetExtension */;
			targetProxy = 788B2D582560EF6C003FA429 /* PBXContainerItemProxy */;
		};
/* End PBXTargetDependency section */

/* Begin PBXVariantGroup section */
		4F7CDDF7256208C50087A115 /* MainInterface.storyboard */ = {
			isa = PBXVariantGroup;
			children = (
				4F7CDDF8256208C50087A115 /* Base */,
			);
			name = MainInterface.storyboard;
			sourceTree = "<group>";
		};
		788B2D362560EF30003FA429 /* Main.storyboard */ = {
			isa = PBXVariantGroup;
			children = (
				788B2D372560EF30003FA429 /* Base */,
			);
			name = Main.storyboard;
			sourceTree = "<group>";
		};
		788B2D3B2560EF32003FA429 /* LaunchScreen.storyboard */ = {
			isa = PBXVariantGroup;
			children = (
				788B2D3C2560EF32003FA429 /* Base */,
			);
			name = LaunchScreen.storyboard;
			sourceTree = "<group>";
		};
/* End PBXVariantGroup section */

/* Begin XCBuildConfiguration section */
		4F7CDE02256208C50087A115 /* Debug */ = {
			isa = XCBuildConfiguration;
			buildSettings = {
				CODE_SIGN_IDENTITY = "Apple Development";
				CODE_SIGN_STYLE = Automatic;
				DEVELOPMENT_TEAM = FAN774JRD2;
				INFOPLIST_FILE = IntentHandlerUI/Info.plist;
				IPHONEOS_DEPLOYMENT_TARGET = 14.2;
				LD_RUNPATH_SEARCH_PATHS = (
					"$(inherited)",
					"@executable_path/Frameworks",
					"@executable_path/../../Frameworks",
				);
				PRODUCT_BUNDLE_IDENTIFIER = com.hanwe.WidgetTest2.IntentHandlerUI;
				PRODUCT_NAME = "$(TARGET_NAME)";
				SKIP_INSTALL = YES;
				SWIFT_VERSION = 5.0;
				TARGETED_DEVICE_FAMILY = "1,2";
			};
			name = Debug;
		};
		4F7CDE03256208C50087A115 /* Release */ = {
			isa = XCBuildConfiguration;
			buildSettings = {
				CODE_SIGN_IDENTITY = "Apple Development";
				CODE_SIGN_STYLE = Automatic;
				DEVELOPMENT_TEAM = FAN774JRD2;
				INFOPLIST_FILE = IntentHandlerUI/Info.plist;
				IPHONEOS_DEPLOYMENT_TARGET = 14.2;
				LD_RUNPATH_SEARCH_PATHS = (
					"$(inherited)",
					"@executable_path/Frameworks",
					"@executable_path/../../Frameworks",
				);
				PRODUCT_BUNDLE_IDENTIFIER = com.hanwe.WidgetTest2.IntentHandlerUI;
				PRODUCT_NAME = "$(TARGET_NAME)";
				SKIP_INSTALL = YES;
				SWIFT_VERSION = 5.0;
				TARGETED_DEVICE_FAMILY = "1,2";
			};
			name = Release;
		};
		4F7CDE05256208C50087A115 /* Debug */ = {
			isa = XCBuildConfiguration;
			buildSettings = {
				CODE_SIGN_IDENTITY = "Apple Development";
				CODE_SIGN_STYLE = Automatic;
				DEVELOPMENT_TEAM = FAN774JRD2;
				INFOPLIST_FILE = IntentHandler/Info.plist;
				IPHONEOS_DEPLOYMENT_TARGET = 14.2;
				LD_RUNPATH_SEARCH_PATHS = (
					"$(inherited)",
					"@executable_path/Frameworks",
					"@executable_path/../../Frameworks",
				);
				PRODUCT_BUNDLE_IDENTIFIER = com.hanwe.WidgetTest2.IntentHandler;
				PRODUCT_NAME = "$(TARGET_NAME)";
				SKIP_INSTALL = YES;
				SWIFT_VERSION = 5.0;
				TARGETED_DEVICE_FAMILY = "1,2";
			};
			name = Debug;
		};
		4F7CDE06256208C50087A115 /* Release */ = {
			isa = XCBuildConfiguration;
			buildSettings = {
				CODE_SIGN_IDENTITY = "Apple Development";
				CODE_SIGN_STYLE = Automatic;
				DEVELOPMENT_TEAM = FAN774JRD2;
				INFOPLIST_FILE = IntentHandler/Info.plist;
				IPHONEOS_DEPLOYMENT_TARGET = 14.2;
				LD_RUNPATH_SEARCH_PATHS = (
					"$(inherited)",
					"@executable_path/Frameworks",
					"@executable_path/../../Frameworks",
				);
				PRODUCT_BUNDLE_IDENTIFIER = com.hanwe.WidgetTest2.IntentHandler;
				PRODUCT_NAME = "$(TARGET_NAME)";
				SKIP_INSTALL = YES;
				SWIFT_VERSION = 5.0;
				TARGETED_DEVICE_FAMILY = "1,2";
			};
			name = Release;
		};
		788B2D3F2560EF32003FA429 /* Debug */ = {
			isa = XCBuildConfiguration;
			buildSettings = {
				ALWAYS_SEARCH_USER_PATHS = NO;
				CLANG_ANALYZER_NONNULL = YES;
				CLANG_ANALYZER_NUMBER_OBJECT_CONVERSION = YES_AGGRESSIVE;
				CLANG_CXX_LANGUAGE_STANDARD = "gnu++14";
				CLANG_CXX_LIBRARY = "libc++";
				CLANG_ENABLE_MODULES = YES;
				CLANG_ENABLE_OBJC_ARC = YES;
				CLANG_ENABLE_OBJC_WEAK = YES;
				CLANG_WARN_BLOCK_CAPTURE_AUTORELEASING = YES;
				CLANG_WARN_BOOL_CONVERSION = YES;
				CLANG_WARN_COMMA = YES;
				CLANG_WARN_CONSTANT_CONVERSION = YES;
				CLANG_WARN_DEPRECATED_OBJC_IMPLEMENTATIONS = YES;
				CLANG_WARN_DIRECT_OBJC_ISA_USAGE = YES_ERROR;
				CLANG_WARN_DOCUMENTATION_COMMENTS = YES;
				CLANG_WARN_EMPTY_BODY = YES;
				CLANG_WARN_ENUM_CONVERSION = YES;
				CLANG_WARN_INFINITE_RECURSION = YES;
				CLANG_WARN_INT_CONVERSION = YES;
				CLANG_WARN_NON_LITERAL_NULL_CONVERSION = YES;
				CLANG_WARN_OBJC_IMPLICIT_RETAIN_SELF = YES;
				CLANG_WARN_OBJC_LITERAL_CONVERSION = YES;
				CLANG_WARN_OBJC_ROOT_CLASS = YES_ERROR;
				CLANG_WARN_QUOTED_INCLUDE_IN_FRAMEWORK_HEADER = YES;
				CLANG_WARN_RANGE_LOOP_ANALYSIS = YES;
				CLANG_WARN_STRICT_PROTOTYPES = YES;
				CLANG_WARN_SUSPICIOUS_MOVE = YES;
				CLANG_WARN_UNGUARDED_AVAILABILITY = YES_AGGRESSIVE;
				CLANG_WARN_UNREACHABLE_CODE = YES;
				CLANG_WARN__DUPLICATE_METHOD_MATCH = YES;
				COPY_PHASE_STRIP = NO;
				DEBUG_INFORMATION_FORMAT = dwarf;
				ENABLE_STRICT_OBJC_MSGSEND = YES;
				ENABLE_TESTABILITY = YES;
				GCC_C_LANGUAGE_STANDARD = gnu11;
				GCC_DYNAMIC_NO_PIC = NO;
				GCC_NO_COMMON_BLOCKS = YES;
				GCC_OPTIMIZATION_LEVEL = 0;
				GCC_PREPROCESSOR_DEFINITIONS = (
					"DEBUG=1",
					"$(inherited)",
				);
				GCC_WARN_64_TO_32_BIT_CONVERSION = YES;
				GCC_WARN_ABOUT_RETURN_TYPE = YES_ERROR;
				GCC_WARN_UNDECLARED_SELECTOR = YES;
				GCC_WARN_UNINITIALIZED_AUTOS = YES_AGGRESSIVE;
				GCC_WARN_UNUSED_FUNCTION = YES;
				GCC_WARN_UNUSED_VARIABLE = YES;
				IPHONEOS_DEPLOYMENT_TARGET = 14.1;
				MTL_ENABLE_DEBUG_INFO = INCLUDE_SOURCE;
				MTL_FAST_MATH = YES;
				ONLY_ACTIVE_ARCH = YES;
				SDKROOT = iphoneos;
				SWIFT_ACTIVE_COMPILATION_CONDITIONS = DEBUG;
				SWIFT_OPTIMIZATION_LEVEL = "-Onone";
			};
			name = Debug;
		};
		788B2D402560EF33003FA429 /* Release */ = {
			isa = XCBuildConfiguration;
			buildSettings = {
				ALWAYS_SEARCH_USER_PATHS = NO;
				CLANG_ANALYZER_NONNULL = YES;
				CLANG_ANALYZER_NUMBER_OBJECT_CONVERSION = YES_AGGRESSIVE;
				CLANG_CXX_LANGUAGE_STANDARD = "gnu++14";
				CLANG_CXX_LIBRARY = "libc++";
				CLANG_ENABLE_MODULES = YES;
				CLANG_ENABLE_OBJC_ARC = YES;
				CLANG_ENABLE_OBJC_WEAK = YES;
				CLANG_WARN_BLOCK_CAPTURE_AUTORELEASING = YES;
				CLANG_WARN_BOOL_CONVERSION = YES;
				CLANG_WARN_COMMA = YES;
				CLANG_WARN_CONSTANT_CONVERSION = YES;
				CLANG_WARN_DEPRECATED_OBJC_IMPLEMENTATIONS = YES;
				CLANG_WARN_DIRECT_OBJC_ISA_USAGE = YES_ERROR;
				CLANG_WARN_DOCUMENTATION_COMMENTS = YES;
				CLANG_WARN_EMPTY_BODY = YES;
				CLANG_WARN_ENUM_CONVERSION = YES;
				CLANG_WARN_INFINITE_RECURSION = YES;
				CLANG_WARN_INT_CONVERSION = YES;
				CLANG_WARN_NON_LITERAL_NULL_CONVERSION = YES;
				CLANG_WARN_OBJC_IMPLICIT_RETAIN_SELF = YES;
				CLANG_WARN_OBJC_LITERAL_CONVERSION = YES;
				CLANG_WARN_OBJC_ROOT_CLASS = YES_ERROR;
				CLANG_WARN_QUOTED_INCLUDE_IN_FRAMEWORK_HEADER = YES;
				CLANG_WARN_RANGE_LOOP_ANALYSIS = YES;
				CLANG_WARN_STRICT_PROTOTYPES = YES;
				CLANG_WARN_SUSPICIOUS_MOVE = YES;
				CLANG_WARN_UNGUARDED_AVAILABILITY = YES_AGGRESSIVE;
				CLANG_WARN_UNREACHABLE_CODE = YES;
				CLANG_WARN__DUPLICATE_METHOD_MATCH = YES;
				COPY_PHASE_STRIP = NO;
				DEBUG_INFORMATION_FORMAT = "dwarf-with-dsym";
				ENABLE_NS_ASSERTIONS = NO;
				ENABLE_STRICT_OBJC_MSGSEND = YES;
				GCC_C_LANGUAGE_STANDARD = gnu11;
				GCC_NO_COMMON_BLOCKS = YES;
				GCC_WARN_64_TO_32_BIT_CONVERSION = YES;
				GCC_WARN_ABOUT_RETURN_TYPE = YES_ERROR;
				GCC_WARN_UNDECLARED_SELECTOR = YES;
				GCC_WARN_UNINITIALIZED_AUTOS = YES_AGGRESSIVE;
				GCC_WARN_UNUSED_FUNCTION = YES;
				GCC_WARN_UNUSED_VARIABLE = YES;
				IPHONEOS_DEPLOYMENT_TARGET = 14.1;
				MTL_ENABLE_DEBUG_INFO = NO;
				MTL_FAST_MATH = YES;
				SDKROOT = iphoneos;
				SWIFT_COMPILATION_MODE = wholemodule;
				SWIFT_OPTIMIZATION_LEVEL = "-O";
				VALIDATE_PRODUCT = YES;
			};
			name = Release;
		};
		788B2D422560EF33003FA429 /* Debug */ = {
			isa = XCBuildConfiguration;
			baseConfigurationReference = 68AC2E0125154E88706A6EF9 /* Pods-WidgetTest.debug.xcconfig */;
			buildSettings = {
				ALWAYS_EMBED_SWIFT_STANDARD_LIBRARIES = YES;
				ASSETCATALOG_COMPILER_APPICON_NAME = AppIcon;
				ASSETCATALOG_COMPILER_GLOBAL_ACCENT_COLOR_NAME = AccentColor;
				CODE_SIGN_IDENTITY = "Apple Development";
				CODE_SIGN_STYLE = Automatic;
				DEVELOPMENT_TEAM = FAN774JRD2;
				INFOPLIST_FILE = WidgetTest/Info.plist;
				LD_RUNPATH_SEARCH_PATHS = (
					"$(inherited)",
					"@executable_path/Frameworks",
				);
				PRODUCT_BUNDLE_IDENTIFIER = com.hanwe.WidgetTest2;
				PRODUCT_NAME = "$(TARGET_NAME)";
				PROVISIONING_PROFILE_SPECIFIER = "";
				SWIFT_VERSION = 5.0;
				TARGETED_DEVICE_FAMILY = "1,2";
			};
			name = Debug;
		};
		788B2D432560EF33003FA429 /* Release */ = {
			isa = XCBuildConfiguration;
			baseConfigurationReference = CB8183B28DB57E3550329B46 /* Pods-WidgetTest.release.xcconfig */;
			buildSettings = {
				ALWAYS_EMBED_SWIFT_STANDARD_LIBRARIES = YES;
				ASSETCATALOG_COMPILER_APPICON_NAME = AppIcon;
				ASSETCATALOG_COMPILER_GLOBAL_ACCENT_COLOR_NAME = AccentColor;
				CODE_SIGN_IDENTITY = "Apple Development";
				CODE_SIGN_STYLE = Automatic;
				DEVELOPMENT_TEAM = FAN774JRD2;
				INFOPLIST_FILE = WidgetTest/Info.plist;
				LD_RUNPATH_SEARCH_PATHS = (
					"$(inherited)",
					"@executable_path/Frameworks",
				);
				PRODUCT_BUNDLE_IDENTIFIER = com.hanwe.WidgetTest2;
				PRODUCT_NAME = "$(TARGET_NAME)";
				PROVISIONING_PROFILE_SPECIFIER = "";
				SWIFT_VERSION = 5.0;
				TARGETED_DEVICE_FAMILY = "1,2";
			};
			name = Release;
		};
		788B2D5C2560EF6C003FA429 /* Debug */ = {
			isa = XCBuildConfiguration;
			baseConfigurationReference = CC56D27877D6638F51D28082 /* Pods-MyWidgetExtension.debug.xcconfig */;
			buildSettings = {
				ASSETCATALOG_COMPILER_GLOBAL_ACCENT_COLOR_NAME = AccentColor;
				ASSETCATALOG_COMPILER_WIDGET_BACKGROUND_COLOR_NAME = WidgetBackground;
				CODE_SIGN_IDENTITY = "Apple Development";
				CODE_SIGN_STYLE = Automatic;
				DEVELOPMENT_TEAM = FAN774JRD2;
				INFOPLIST_FILE = MyWidget/Info.plist;
				LD_RUNPATH_SEARCH_PATHS = (
					"$(inherited)",
					"@executable_path/Frameworks",
					"@executable_path/../../Frameworks",
				);
				PRODUCT_BUNDLE_IDENTIFIER = com.hanwe.WidgetTest2.MyWidget;
				PRODUCT_NAME = "$(TARGET_NAME)";
				PROVISIONING_PROFILE_SPECIFIER = "";
				SKIP_INSTALL = YES;
				SWIFT_VERSION = 5.0;
				TARGETED_DEVICE_FAMILY = "1,2";
			};
			name = Debug;
		};
		788B2D5D2560EF6C003FA429 /* Release */ = {
			isa = XCBuildConfiguration;
			baseConfigurationReference = C4A4E50A89D279150A6E6893 /* Pods-MyWidgetExtension.release.xcconfig */;
			buildSettings = {
				ASSETCATALOG_COMPILER_GLOBAL_ACCENT_COLOR_NAME = AccentColor;
				ASSETCATALOG_COMPILER_WIDGET_BACKGROUND_COLOR_NAME = WidgetBackground;
				CODE_SIGN_IDENTITY = "Apple Development";
				CODE_SIGN_STYLE = Automatic;
				DEVELOPMENT_TEAM = FAN774JRD2;
				INFOPLIST_FILE = MyWidget/Info.plist;
				LD_RUNPATH_SEARCH_PATHS = (
					"$(inherited)",
					"@executable_path/Frameworks",
					"@executable_path/../../Frameworks",
				);
				PRODUCT_BUNDLE_IDENTIFIER = com.hanwe.WidgetTest2.MyWidget;
				PRODUCT_NAME = "$(TARGET_NAME)";
				PROVISIONING_PROFILE_SPECIFIER = "";
				SKIP_INSTALL = YES;
				SWIFT_VERSION = 5.0;
				TARGETED_DEVICE_FAMILY = "1,2";
			};
			name = Release;
		};
/* End XCBuildConfiguration section */

/* Begin XCConfigurationList section */
		4F7CDE01256208C50087A115 /* Build configuration list for PBXNativeTarget "IntentHandlerUI" */ = {
			isa = XCConfigurationList;
			buildConfigurations = (
				4F7CDE02256208C50087A115 /* Debug */,
				4F7CDE03256208C50087A115 /* Release */,
			);
			defaultConfigurationIsVisible = 0;
			defaultConfigurationName = Release;
		};
		4F7CDE04256208C50087A115 /* Build configuration list for PBXNativeTarget "IntentHandler" */ = {
			isa = XCConfigurationList;
			buildConfigurations = (
				4F7CDE05256208C50087A115 /* Debug */,
				4F7CDE06256208C50087A115 /* Release */,
			);
			defaultConfigurationIsVisible = 0;
			defaultConfigurationName = Release;
		};
		788B2D282560EF30003FA429 /* Build configuration list for PBXProject "WidgetTest" */ = {
			isa = XCConfigurationList;
			buildConfigurations = (
				788B2D3F2560EF32003FA429 /* Debug */,
				788B2D402560EF33003FA429 /* Release */,
			);
			defaultConfigurationIsVisible = 0;
			defaultConfigurationName = Release;
		};
		788B2D412560EF33003FA429 /* Build configuration list for PBXNativeTarget "WidgetTest" */ = {
			isa = XCConfigurationList;
			buildConfigurations = (
				788B2D422560EF33003FA429 /* Debug */,
				788B2D432560EF33003FA429 /* Release */,
			);
			defaultConfigurationIsVisible = 0;
			defaultConfigurationName = Release;
		};
		788B2D5B2560EF6C003FA429 /* Build configuration list for PBXNativeTarget "MyWidgetExtension" */ = {
			isa = XCConfigurationList;
			buildConfigurations = (
				788B2D5C2560EF6C003FA429 /* Debug */,
				788B2D5D2560EF6C003FA429 /* Release */,
			);
			defaultConfigurationIsVisible = 0;
			defaultConfigurationName = Release;
		};
/* End XCConfigurationList section */
	};
	rootObject = 788B2D252560EF30003FA429 /* Project object */;
}
