// !$*UTF8*$!
{
	archiveVersion = 1;
	classes = {
	};
	objectVersion = 52;
	objects = {

/* Begin PBXBuildFile section */
		4F440EF124A0A1330012FDC3 /* AppDelegate.swift in Sources */ = {isa = PBXBuildFile; fileRef = 4F440EF024A0A1330012FDC3 /* AppDelegate.swift */; };
		4F440EF324A0A1330012FDC3 /* SceneDelegate.swift in Sources */ = {isa = PBXBuildFile; fileRef = 4F440EF224A0A1330012FDC3 /* SceneDelegate.swift */; };
		4F440EF524A0A1330012FDC3 /* ViewController.swift in Sources */ = {isa = PBXBuildFile; fileRef = 4F440EF424A0A1330012FDC3 /* ViewController.swift */; };
		4F440EF824A0A1330012FDC3 /* Main.storyboard in Resources */ = {isa = PBXBuildFile; fileRef = 4F440EF624A0A1330012FDC3 /* Main.storyboard */; };
		4F440EFA24A0A1340012FDC3 /* Assets.xcassets in Resources */ = {isa = PBXBuildFile; fileRef = 4F440EF924A0A1340012FDC3 /* Assets.xcassets */; };
		4F440EFD24A0A1340012FDC3 /* LaunchScreen.storyboard in Resources */ = {isa = PBXBuildFile; fileRef = 4F440EFB24A0A1340012FDC3 /* LaunchScreen.storyboard */; };
		785F78D024B9806400FFBC38 /* MyCell.swift in Sources */ = {isa = PBXBuildFile; fileRef = 785F78CE24B9806400FFBC38 /* MyCell.swift */; };
		785F78D124B9806400FFBC38 /* MyCell.xib in Resources */ = {isa = PBXBuildFile; fileRef = 785F78CF24B9806400FFBC38 /* MyCell.xib */; };
		F3946BE82A08E3D500235248 /* Spring in Frameworks */ = {isa = PBXBuildFile; productRef = F3946BE72A08E3D500235248 /* Spring */; };
		F3FAEDB82A03918D0040B99E /* SnapKit in Frameworks */ = {isa = PBXBuildFile; productRef = F3FAEDB72A03918D0040B99E /* SnapKit */; };
		F3FAEDBB2A03919B0040B99E /* Then in Frameworks */ = {isa = PBXBuildFile; productRef = F3FAEDBA2A03919B0040B99E /* Then */; };
		F3FAEDBF2A0394BD0040B99E /* WMPopoverView.swift in Sources */ = {isa = PBXBuildFile; fileRef = F3FAEDBE2A0394BD0040B99E /* WMPopoverView.swift */; };
/* End PBXBuildFile section */

/* Begin PBXFileReference section */
		4F440EED24A0A1330012FDC3 /* CollectionView.app */ = {isa = PBXFileReference; explicitFileType = wrapper.application; includeInIndex = 0; path = CollectionView.app; sourceTree = BUILT_PRODUCTS_DIR; };
		4F440EF024A0A1330012FDC3 /* AppDelegate.swift */ = {isa = PBXFileReference; lastKnownFileType = sourcecode.swift; path = AppDelegate.swift; sourceTree = "<group>"; };
		4F440EF224A0A1330012FDC3 /* SceneDelegate.swift */ = {isa = PBXFileReference; lastKnownFileType = sourcecode.swift; path = SceneDelegate.swift; sourceTree = "<group>"; };
		4F440EF424A0A1330012FDC3 /* ViewController.swift */ = {isa = PBXFileReference; lastKnownFileType = sourcecode.swift; path = ViewController.swift; sourceTree = "<group>"; };
		4F440EF724A0A1330012FDC3 /* Base */ = {isa = PBXFileReference; lastKnownFileType = file.storyboard; name = Base; path = Base.lproj/Main.storyboard; sourceTree = "<group>"; };
		4F440EF924A0A1340012FDC3 /* Assets.xcassets */ = {isa = PBXFileReference; lastKnownFileType = folder.assetcatalog; path = Assets.xcassets; sourceTree = "<group>"; };
		4F440EFC24A0A1340012FDC3 /* Base */ = {isa = PBXFileReference; lastKnownFileType = file.storyboard; name = Base; path = Base.lproj/LaunchScreen.storyboard; sourceTree = "<group>"; };
		4F440EFE24A0A1340012FDC3 /* Info.plist */ = {isa = PBXFileReference; lastKnownFileType = text.plist.xml; path = Info.plist; sourceTree = "<group>"; };
		785F78CE24B9806400FFBC38 /* MyCell.swift */ = {isa = PBXFileReference; lastKnownFileType = sourcecode.swift; path = MyCell.swift; sourceTree = "<group>"; };
		785F78CF24B9806400FFBC38 /* MyCell.xib */ = {isa = PBXFileReference; lastKnownFileType = file.xib; path = MyCell.xib; sourceTree = "<group>"; };
		F3FAEDBE2A0394BD0040B99E /* WMPopoverView.swift */ = {isa = PBXFileReference; lastKnownFileType = sourcecode.swift; path = WMPopoverView.swift; sourceTree = "<group>"; };
/* End PBXFileReference section */

/* Begin PBXFrameworksBuildPhase section */
		4F440EEA24A0A1330012FDC3 /* Frameworks */ = {
			isa = PBXFrameworksBuildPhase;
			buildActionMask = 2147483647;
			files = (
				F3FAEDB82A03918D0040B99E /* SnapKit in Frameworks */,
				F3FAEDBB2A03919B0040B99E /* Then in Frameworks */,
				F3946BE82A08E3D500235248 /* Spring in Frameworks */,
			);
			runOnlyForDeploymentPostprocessing = 0;
		};
/* End PBXFrameworksBuildPhase section */

/* Begin PBXGroup section */
		4F440EE424A0A1330012FDC3 = {
			isa = PBXGroup;
			children = (
				4F440EEF24A0A1330012FDC3 /* CollectionView */,
				4F440EEE24A0A1330012FDC3 /* Products */,
			);
			sourceTree = "<group>";
		};
		4F440EEE24A0A1330012FDC3 /* Products */ = {
			isa = PBXGroup;
			children = (
				4F440EED24A0A1330012FDC3 /* CollectionView.app */,
			);
			name = Products;
			sourceTree = "<group>";
		};
		4F440EEF24A0A1330012FDC3 /* CollectionView */ = {
			isa = PBXGroup;
			children = (
				4F440EF024A0A1330012FDC3 /* AppDelegate.swift */,
				4F440EF224A0A1330012FDC3 /* SceneDelegate.swift */,
				4F440EF424A0A1330012FDC3 /* ViewController.swift */,
				4F440EF624A0A1330012FDC3 /* Main.storyboard */,
				4F440EF924A0A1340012FDC3 /* Assets.xcassets */,
				4F440EFB24A0A1340012FDC3 /* LaunchScreen.storyboard */,
				4F440EFE24A0A1340012FDC3 /* Info.plist */,
				785F78CE24B9806400FFBC38 /* MyCell.swift */,
				785F78CF24B9806400FFBC38 /* MyCell.xib */,
				F3FAEDBE2A0394BD0040B99E /* WMPopoverView.swift */,
			);
			path = CollectionView;
			sourceTree = "<group>";
		};
/* End PBXGroup section */

/* Begin PBXNativeTarget section */
		4F440EEC24A0A1330012FDC3 /* CollectionView */ = {
			isa = PBXNativeTarget;
			buildConfigurationList = 4F440F0124A0A1340012FDC3 /* Build configuration list for PBXNativeTarget "CollectionView" */;
			buildPhases = (
				4F440EE924A0A1330012FDC3 /* Sources */,
				4F440EEA24A0A1330012FDC3 /* Frameworks */,
				4F440EEB24A0A1330012FDC3 /* Resources */,
			);
			buildRules = (
			);
			dependencies = (
			);
			name = CollectionView;
			packageProductDependencies = (
				F3FAEDB72A03918D0040B99E /* SnapKit */,
				F3FAEDBA2A03919B0040B99E /* Then */,
				F3946BE72A08E3D500235248 /* Spring */,
			);
			productName = CollectionView;
			productReference = 4F440EED24A0A1330012FDC3 /* CollectionView.app */;
			productType = "com.apple.product-type.application";
		};
/* End PBXNativeTarget section */

/* Begin PBXProject section */
		4F440EE524A0A1330012FDC3 /* Project object */ = {
			isa = PBXProject;
			attributes = {
				LastSwiftUpdateCheck = 1150;
				LastUpgradeCheck = 1150;
				ORGANIZATIONNAME = "hanwe lee";
				TargetAttributes = {
					4F440EEC24A0A1330012FDC3 = {
						CreatedOnToolsVersion = 11.5;
					};
				};
			};
			buildConfigurationList = 4F440EE824A0A1330012FDC3 /* Build configuration list for PBXProject "CollectionView" */;
			compatibilityVersion = "Xcode 9.3";
			developmentRegion = en;
			hasScannedForEncodings = 0;
			knownRegions = (
				en,
				Base,
			);
			mainGroup = 4F440EE424A0A1330012FDC3;
			packageReferences = (
				F3FAEDB62A03918D0040B99E /* XCRemoteSwiftPackageReference "SnapKit" */,
				F3FAEDB92A03919B0040B99E /* XCRemoteSwiftPackageReference "Then" */,
				F3946BE62A08E3D500235248 /* XCRemoteSwiftPackageReference "Spring" */,
			);
			productRefGroup = 4F440EEE24A0A1330012FDC3 /* Products */;
			projectDirPath = "";
			projectRoot = "";
			targets = (
				4F440EEC24A0A1330012FDC3 /* CollectionView */,
			);
		};
/* End PBXProject section */

/* Begin PBXResourcesBuildPhase section */
		4F440EEB24A0A1330012FDC3 /* Resources */ = {
			isa = PBXResourcesBuildPhase;
			buildActionMask = 2147483647;
			files = (
				4F440EFD24A0A1340012FDC3 /* LaunchScreen.storyboard in Resources */,
				785F78D124B9806400FFBC38 /* MyCell.xib in Resources */,
				4F440EFA24A0A1340012FDC3 /* Assets.xcassets in Resources */,
				4F440EF824A0A1330012FDC3 /* Main.storyboard in Resources */,
			);
			runOnlyForDeploymentPostprocessing = 0;
		};
/* End PBXResourcesBuildPhase section */

/* Begin PBXSourcesBuildPhase section */
		4F440EE924A0A1330012FDC3 /* Sources */ = {
			isa = PBXSourcesBuildPhase;
			buildActionMask = 2147483647;
			files = (
				4F440EF524A0A1330012FDC3 /* ViewController.swift in Sources */,
				785F78D024B9806400FFBC38 /* MyCell.swift in Sources */,
				F3FAEDBF2A0394BD0040B99E /* WMPopoverView.swift in Sources */,
				4F440EF124A0A1330012FDC3 /* AppDelegate.swift in Sources */,
				4F440EF324A0A1330012FDC3 /* SceneDelegate.swift in Sources */,
			);
			runOnlyForDeploymentPostprocessing = 0;
		};
/* End PBXSourcesBuildPhase section */

/* Begin PBXVariantGroup section */
		4F440EF624A0A1330012FDC3 /* Main.storyboard */ = {
			isa = PBXVariantGroup;
			children = (
				4F440EF724A0A1330012FDC3 /* Base */,
			);
			name = Main.storyboard;
			sourceTree = "<group>";
		};
		4F440EFB24A0A1340012FDC3 /* LaunchScreen.storyboard */ = {
			isa = PBXVariantGroup;
			children = (
				4F440EFC24A0A1340012FDC3 /* Base */,
			);
			name = LaunchScreen.storyboard;
			sourceTree = "<group>";
		};
/* End PBXVariantGroup section */

/* Begin XCBuildConfiguration section */
		4F440EFF24A0A1340012FDC3 /* Debug */ = {
			isa = XCBuildConfiguration;
			buildSettings = {
				ALWAYS_SEARCH_USER_PATHS = NO;
				CLANG_ANALYZER_NONNULL = YES;
				CLANG_ANALYZER_NUMBER_OBJECT_CONVERSION = YES_AGGRESSIVE;
				CLANG_CXX_LANGUAGE_STANDARD = "gnu++14";
				CLANG_CXX_LIBRARY = "libc++";
				CLANG_ENABLE_MODULES = YES;
				CLANG_ENABLE_OBJC_ARC = YES;
				CLANG_ENABLE_OBJC_WEAK = YES;
				CLANG_WARN_BLOCK_CAPTURE_AUTORELEASING = YES;
				CLANG_WARN_BOOL_CONVERSION = YES;
				CLANG_WARN_COMMA = YES;
				CLANG_WARN_CONSTANT_CONVERSION = YES;
				CLANG_WARN_DEPRECATED_OBJC_IMPLEMENTATIONS = YES;
				CLANG_WARN_DIRECT_OBJC_ISA_USAGE = YES_ERROR;
				CLANG_WARN_DOCUMENTATION_COMMENTS = YES;
				CLANG_WARN_EMPTY_BODY = YES;
				CLANG_WARN_ENUM_CONVERSION = YES;
				CLANG_WARN_INFINITE_RECURSION = YES;
				CLANG_WARN_INT_CONVERSION = YES;
				CLANG_WARN_NON_LITERAL_NULL_CONVERSION = YES;
				CLANG_WARN_OBJC_IMPLICIT_RETAIN_SELF = YES;
				CLANG_WARN_OBJC_LITERAL_CONVERSION = YES;
				CLANG_WARN_OBJC_ROOT_CLASS = YES_ERROR;
				CLANG_WARN_RANGE_LOOP_ANALYSIS = YES;
				CLANG_WARN_STRICT_PROTOTYPES = YES;
				CLANG_WARN_SUSPICIOUS_MOVE = YES;
				CLANG_WARN_UNGUARDED_AVAILABILITY = YES_AGGRESSIVE;
				CLANG_WARN_UNREACHABLE_CODE = YES;
				CLANG_WARN__DUPLICATE_METHOD_MATCH = YES;
				COPY_PHASE_STRIP = NO;
				DEBUG_INFORMATION_FORMAT = dwarf;
				ENABLE_STRICT_OBJC_MSGSEND = YES;
				ENABLE_TESTABILITY = YES;
				GCC_C_LANGUAGE_STANDARD = gnu11;
				GCC_DYNAMIC_NO_PIC = NO;
				GCC_NO_COMMON_BLOCKS = YES;
				GCC_OPTIMIZATION_LEVEL = 0;
				GCC_PREPROCESSOR_DEFINITIONS = (
					"DEBUG=1",
					"$(inherited)",
				);
				GCC_WARN_64_TO_32_BIT_CONVERSION = YES;
				GCC_WARN_ABOUT_RETURN_TYPE = YES_ERROR;
				GCC_WARN_UNDECLARED_SELECTOR = YES;
				GCC_WARN_UNINITIALIZED_AUTOS = YES_AGGRESSIVE;
				GCC_WARN_UNUSED_FUNCTION = YES;
				GCC_WARN_UNUSED_VARIABLE = YES;
				IPHONEOS_DEPLOYMENT_TARGET = 13.5;
				MTL_ENABLE_DEBUG_INFO = INCLUDE_SOURCE;
				MTL_FAST_MATH = YES;
				ONLY_ACTIVE_ARCH = YES;
				SDKROOT = iphoneos;
				SWIFT_ACTIVE_COMPILATION_CONDITIONS = DEBUG;
				SWIFT_OPTIMIZATION_LEVEL = "-Onone";
			};
			name = Debug;
		};
		4F440F0024A0A1340012FDC3 /* Release */ = {
			isa = XCBuildConfiguration;
			buildSettings = {
				ALWAYS_SEARCH_USER_PATHS = NO;
				CLANG_ANALYZER_NONNULL = YES;
				CLANG_ANALYZER_NUMBER_OBJECT_CONVERSION = YES_AGGRESSIVE;
				CLANG_CXX_LANGUAGE_STANDARD = "gnu++14";
				CLANG_CXX_LIBRARY = "libc++";
				CLANG_ENABLE_MODULES = YES;
				CLANG_ENABLE_OBJC_ARC = YES;
				CLANG_ENABLE_OBJC_WEAK = YES;
				CLANG_WARN_BLOCK_CAPTURE_AUTORELEASING = YES;
				CLANG_WARN_BOOL_CONVERSION = YES;
				CLANG_WARN_COMMA = YES;
				CLANG_WARN_CONSTANT_CONVERSION = YES;
				CLANG_WARN_DEPRECATED_OBJC_IMPLEMENTATIONS = YES;
				CLANG_WARN_DIRECT_OBJC_ISA_USAGE = YES_ERROR;
				CLANG_WARN_DOCUMENTATION_COMMENTS = YES;
				CLANG_WARN_EMPTY_BODY = YES;
				CLANG_WARN_ENUM_CONVERSION = YES;
				CLANG_WARN_INFINITE_RECURSION = YES;
				CLANG_WARN_INT_CONVERSION = YES;
				CLANG_WARN_NON_LITERAL_NULL_CONVERSION = YES;
				CLANG_WARN_OBJC_IMPLICIT_RETAIN_SELF = YES;
				CLANG_WARN_OBJC_LITERAL_CONVERSION = YES;
				CLANG_WARN_OBJC_ROOT_CLASS = YES_ERROR;
				CLANG_WARN_RANGE_LOOP_ANALYSIS = YES;
				CLANG_WARN_STRICT_PROTOTYPES = YES;
				CLANG_WARN_SUSPICIOUS_MOVE = YES;
				CLANG_WARN_UNGUARDED_AVAILABILITY = YES_AGGRESSIVE;
				CLANG_WARN_UNREACHABLE_CODE = YES;
				CLANG_WARN__DUPLICATE_METHOD_MATCH = YES;
				COPY_PHASE_STRIP = NO;
				DEBUG_INFORMATION_FORMAT = "dwarf-with-dsym";
				ENABLE_NS_ASSERTIONS = NO;
				ENABLE_STRICT_OBJC_MSGSEND = YES;
				GCC_C_LANGUAGE_STANDARD = gnu11;
				GCC_NO_COMMON_BLOCKS = YES;
				GCC_WARN_64_TO_32_BIT_CONVERSION = YES;
				GCC_WARN_ABOUT_RETURN_TYPE = YES_ERROR;
				GCC_WARN_UNDECLARED_SELECTOR = YES;
				GCC_WARN_UNINITIALIZED_AUTOS = YES_AGGRESSIVE;
				GCC_WARN_UNUSED_FUNCTION = YES;
				GCC_WARN_UNUSED_VARIABLE = YES;
				IPHONEOS_DEPLOYMENT_TARGET = 13.5;
				MTL_ENABLE_DEBUG_INFO = NO;
				MTL_FAST_MATH = YES;
				SDKROOT = iphoneos;
				SWIFT_COMPILATION_MODE = wholemodule;
				SWIFT_OPTIMIZATION_LEVEL = "-O";
				VALIDATE_PRODUCT = YES;
			};
			name = Release;
		};
		4F440F0224A0A1340012FDC3 /* Debug */ = {
			isa = XCBuildConfiguration;
			buildSettings = {
				ASSETCATALOG_COMPILER_APPICON_NAME = AppIcon;
				CODE_SIGN_STYLE = Automatic;
				DEVELOPMENT_TEAM = CKSUB298CZ;
				INFOPLIST_FILE = CollectionView/Info.plist;
				LD_RUNPATH_SEARCH_PATHS = (
					"$(inherited)",
					"@executable_path/Frameworks",
				);
				PRODUCT_BUNDLE_IDENTIFIER = com.hanweTest.CollectionView;
				PRODUCT_NAME = "$(TARGET_NAME)";
				SWIFT_VERSION = 5.0;
				TARGETED_DEVICE_FAMILY = "1,2";
			};
			name = Debug;
		};
		4F440F0324A0A1340012FDC3 /* Release */ = {
			isa = XCBuildConfiguration;
			buildSettings = {
				ASSETCATALOG_COMPILER_APPICON_NAME = AppIcon;
				CODE_SIGN_STYLE = Automatic;
				DEVELOPMENT_TEAM = CKSUB298CZ;
				INFOPLIST_FILE = CollectionView/Info.plist;
				LD_RUNPATH_SEARCH_PATHS = (
					"$(inherited)",
					"@executable_path/Frameworks",
				);
				PRODUCT_BUNDLE_IDENTIFIER = com.hanweTest.CollectionView;
				PRODUCT_NAME = "$(TARGET_NAME)";
				SWIFT_VERSION = 5.0;
				TARGETED_DEVICE_FAMILY = "1,2";
			};
			name = Release;
		};
/* End XCBuildConfiguration section */

/* Begin XCConfigurationList section */
		4F440EE824A0A1330012FDC3 /* Build configuration list for PBXProject "CollectionView" */ = {
			isa = XCConfigurationList;
			buildConfigurations = (
				4F440EFF24A0A1340012FDC3 /* Debug */,
				4F440F0024A0A1340012FDC3 /* Release */,
			);
			defaultConfigurationIsVisible = 0;
			defaultConfigurationName = Release;
		};
		4F440F0124A0A1340012FDC3 /* Build configuration list for PBXNativeTarget "CollectionView" */ = {
			isa = XCConfigurationList;
			buildConfigurations = (
				4F440F0224A0A1340012FDC3 /* Debug */,
				4F440F0324A0A1340012FDC3 /* Release */,
			);
			defaultConfigurationIsVisible = 0;
			defaultConfigurationName = Release;
		};
/* End XCConfigurationList section */

/* Begin XCRemoteSwiftPackageReference section */
		F3946BE62A08E3D500235248 /* XCRemoteSwiftPackageReference "Spring" */ = {
			isa = XCRemoteSwiftPackageReference;
			repositoryURL = "https://github.com/HanweeeeLee/Spring.git";
			requirement = {
				branch = master;
				kind = branch;
			};
		};
		F3FAEDB62A03918D0040B99E /* XCRemoteSwiftPackageReference "SnapKit" */ = {
			isa = XCRemoteSwiftPackageReference;
			repositoryURL = "https://github.com/SnapKit/SnapKit.git";
			requirement = {
				kind = upToNextMajorVersion;
				minimumVersion = 5.0.0;
			};
		};
		F3FAEDB92A03919B0040B99E /* XCRemoteSwiftPackageReference "Then" */ = {
			isa = XCRemoteSwiftPackageReference;
			repositoryURL = "https://github.com/devxoul/Then";
			requirement = {
				branch = master;
				kind = branch;
			};
		};
/* End XCRemoteSwiftPackageReference section */

/* Begin XCSwiftPackageProductDependency section */
		F3946BE72A08E3D500235248 /* Spring */ = {
			isa = XCSwiftPackageProductDependency;
			package = F3946BE62A08E3D500235248 /* XCRemoteSwiftPackageReference "Spring" */;
			productName = Spring;
		};
		F3FAEDB72A03918D0040B99E /* SnapKit */ = {
			isa = XCSwiftPackageProductDependency;
			package = F3FAEDB62A03918D0040B99E /* XCRemoteSwiftPackageReference "SnapKit" */;
			productName = SnapKit;
		};
		F3FAEDBA2A03919B0040B99E /* Then */ = {
			isa = XCSwiftPackageProductDependency;
			package = F3FAEDB92A03919B0040B99E /* XCRemoteSwiftPackageReference "Then" */;
			productName = Then;
		};
/* End XCSwiftPackageProductDependency section */
	};
	rootObject = 4F440EE524A0A1330012FDC3 /* Project object */;
}
